{
  "version": 4,
  "terraform_version": "1.6.4",
  "serial": 552,
  "lineage": "1cab9a4b-41a7-693c-9806-e79a25339abe",
  "outputs": {},
  "resources": [
    {
      "mode": "managed",
      "type": "google_compute_network",
      "name": "k8s_vpc",
      "provider": "provider[\"registry.terraform.io/hashicorp/google\"]",
      "instances": [
        {
          "schema_version": 0,
          "attributes": {
            "auto_create_subnetworks": false,
            "delete_default_routes_on_create": false,
            "description": "",
            "enable_ula_internal_ipv6": false,
            "gateway_ipv4": "",
            "id": "projects/core-trees-404818/global/networks/pw-k8s-k8s-vpc",
            "internal_ipv6_range": "",
            "mtu": 0,
            "name": "pw-k8s-k8s-vpc",
            "network_firewall_policy_enforcement_order": "AFTER_CLASSIC_FIREWALL",
            "project": "core-trees-404818",
            "routing_mode": "REGIONAL",
            "self_link": "https://www.googleapis.com/compute/v1/projects/core-trees-404818/global/networks/pw-k8s-k8s-vpc",
            "timeouts": null
          },
          "sensitive_attributes": [],
          "private": "eyJlMmJmYjczMC1lY2FhLTExZTYtOGY4OC0zNDM2M2JjN2M0YzAiOnsiY3JlYXRlIjoxMjAwMDAwMDAwMDAwLCJkZWxldGUiOjEyMDAwMDAwMDAwMDAsInVwZGF0ZSI6MTIwMDAwMDAwMDAwMH19"
        }
      ]
    },
    {
      "mode": "managed",
      "type": "google_compute_subnetwork",
      "name": "k8s_subnet",
      "provider": "provider[\"registry.terraform.io/hashicorp/google\"]",
      "instances": [
        {
          "schema_version": 0,
          "attributes": {
            "creation_timestamp": "2023-11-15T15:33:21.930-08:00",
            "description": "",
            "external_ipv6_prefix": "",
            "fingerprint": null,
            "gateway_address": "192.168.0.1",
            "id": "projects/core-trees-404818/regions/us-central1/subnetworks/pw-k8s-subnet",
            "internal_ipv6_prefix": "",
            "ip_cidr_range": "192.168.0.0/24",
            "ipv6_access_type": "",
            "ipv6_cidr_range": "",
            "log_config": [],
            "name": "pw-k8s-subnet",
            "network": "https://www.googleapis.com/compute/v1/projects/core-trees-404818/global/networks/pw-k8s-k8s-vpc",
            "private_ip_google_access": true,
            "private_ipv6_google_access": "DISABLE_GOOGLE_ACCESS",
            "project": "core-trees-404818",
            "purpose": "PRIVATE",
            "region": "us-central1",
            "role": "",
            "secondary_ip_range": [
              {
                "ip_cidr_range": "10.0.0.0/16",
                "range_name": "gke-pw-k8s-pods-8255a670"
              },
              {
                "ip_cidr_range": "10.1.0.0/20",
                "range_name": "gke-pw-k8s-services-8255a670"
              }
            ],
            "self_link": "https://www.googleapis.com/compute/v1/projects/core-trees-404818/regions/us-central1/subnetworks/pw-k8s-subnet",
            "stack_type": "IPV4_ONLY",
            "timeouts": null
          },
          "sensitive_attributes": [],
          "private": "eyJlMmJmYjczMC1lY2FhLTExZTYtOGY4OC0zNDM2M2JjN2M0YzAiOnsiY3JlYXRlIjoxMjAwMDAwMDAwMDAwLCJkZWxldGUiOjEyMDAwMDAwMDAwMDAsInVwZGF0ZSI6MTIwMDAwMDAwMDAwMH19",
          "dependencies": [
            "google_compute_network.k8s_vpc"
          ]
        }
      ]
    },
    {
      "mode": "managed",
      "type": "google_container_cluster",
      "name": "primary",
      "provider": "provider[\"registry.terraform.io/hashicorp/google-beta\"]",
      "instances": [
        {
          "schema_version": 2,
          "attributes": {
            "addons_config": [
              {
                "cloudrun_config": [],
                "config_connector_config": [
                  {
                    "enabled": false
                  }
                ],
                "dns_cache_config": [],
                "gce_persistent_disk_csi_driver_config": [
                  {
                    "enabled": true
                  }
                ],
                "gcp_filestore_csi_driver_config": [
                  {
                    "enabled": false
                  }
                ],
                "gcs_fuse_csi_driver_config": [],
                "gke_backup_agent_config": [],
                "horizontal_pod_autoscaling": [
                  {
                    "disabled": false
                  }
                ],
                "http_load_balancing": [
                  {
                    "disabled": false
                  }
                ],
                "istio_config": [],
                "kalm_config": [],
                "network_policy_config": [
                  {
                    "disabled": true
                  }
                ]
              }
            ],
            "allow_net_admin": null,
            "authenticator_groups_config": [],
            "binary_authorization": [
              {
                "enabled": false,
                "evaluation_mode": "DISABLED"
              }
            ],
            "cluster_autoscaling": [
              {
                "auto_provisioning_defaults": [
                  {
                    "boot_disk_kms_key": "",
                    "disk_size": 10,
                    "disk_type": "pd-standard",
                    "image_type": "COS_CONTAINERD",
                    "management": [
                      {
                        "auto_repair": false,
                        "auto_upgrade": true,
                        "upgrade_options": [
                          {
                            "auto_upgrade_start_time": "",
                            "description": ""
                          }
                        ]
                      }
                    ],
                    "min_cpu_platform": "",
                    "oauth_scopes": [
                      "https://www.googleapis.com/auth/devstorage.read_write",
                      "https://www.googleapis.com/auth/logging.write",
                      "https://www.googleapis.com/auth/monitoring",
                      "https://www.googleapis.com/auth/servicecontrol",
                      "https://www.googleapis.com/auth/service.management.readonly",
                      "https://www.googleapis.com/auth/trace.append"
                    ],
                    "service_account": "default",
                    "shielded_instance_config": [
                      {
                        "enable_integrity_monitoring": true,
                        "enable_secure_boot": false
                      }
                    ],
                    "upgrade_settings": [
                      {
                        "blue_green_settings": [],
                        "max_surge": 0,
                        "max_unavailable": 1,
                        "strategy": "SURGE"
                      }
                    ]
                  }
                ],
                "autoscaling_profile": "BALANCED",
                "enabled": true,
                "resource_limits": [
                  {
                    "maximum": 128,
                    "minimum": 1,
                    "resource_type": "cpu"
                  },
                  {
                    "maximum": 512,
                    "minimum": 2,
                    "resource_type": "memory"
                  }
                ]
              }
            ],
            "cluster_ipv4_cidr": "10.0.0.0/16",
            "cluster_telemetry": [
              {
                "type": "ENABLED"
              }
            ],
            "confidential_nodes": [
              {
                "enabled": false
              }
            ],
            "cost_management_config": [],
            "database_encryption": [
              {
                "key_name": "",
                "state": "DECRYPTED"
              }
            ],
            "datapath_provider": "",
            "default_max_pods_per_node": 110,
            "default_snat_status": [
              {
                "disabled": false
              }
            ],
            "deletion_protection": false,
            "description": "",
            "dns_config": [],
            "enable_autopilot": false,
            "enable_fqdn_network_policy": false,
            "enable_intranode_visibility": false,
            "enable_k8s_beta_apis": [],
            "enable_kubernetes_alpha": false,
            "enable_l4_ilb_subsetting": false,
            "enable_legacy_abac": false,
            "enable_multi_networking": false,
            "enable_shielded_nodes": true,
            "enable_tpu": false,
            "endpoint": "104.155.156.172",
            "fleet": [],
            "gateway_api_config": [],
            "id": "projects/core-trees-404818/locations/us-central1/clusters/pw-k8s",
            "identity_service_config": [],
            "initial_node_count": 1,
            "ip_allocation_policy": [
              {
                "additional_pod_ranges_config": [],
                "cluster_ipv4_cidr_block": "10.0.0.0/16",
                "cluster_secondary_range_name": "gke-pw-k8s-pods-8255a670",
                "pod_cidr_overprovision_config": [
                  {
                    "disabled": false
                  }
                ],
                "services_ipv4_cidr_block": "10.1.0.0/20",
                "services_secondary_range_name": "gke-pw-k8s-services-8255a670",
                "stack_type": "IPV4"
              }
            ],
            "label_fingerprint": "a9dc16a7",
            "location": "us-central1",
            "logging_config": [
              {
                "enable_components": [
                  "SYSTEM_COMPONENTS",
                  "WORKLOADS"
                ]
              }
            ],
            "logging_service": "logging.googleapis.com/kubernetes",
            "maintenance_policy": [
              {
                "daily_maintenance_window": [
                  {
                    "duration": "PT4H0M0S",
                    "start_time": "03:00"
                  }
                ],
                "maintenance_exclusion": [],
                "recurring_window": []
              }
            ],
            "master_auth": [
              {
                "client_certificate": "",
                "client_certificate_config": [
                  {
                    "issue_client_certificate": false
                  }
                ],
                "client_key": "",
                "cluster_ca_certificate": "LS0tLS1CRUdJTiBDRVJUSUZJQ0FURS0tLS0tCk1JSUVMVENDQXBXZ0F3SUJBZ0lSQUxRUW1nU3lZM1VxcGFBcDUrQW9YVnd3RFFZSktvWklodmNOQVFFTEJRQXcKTHpFdE1Dc0dBMVVFQXhNa1lqUXpZek15TXpNdE9XVmtZUzAwTkRNNUxXSXhaamN0TnpNMU5qQXpOMll6TjJObApNQ0FYRFRJek1URXhOVEl5TXpNek1sb1lEekl3TlRNeE1UQTNNak16TXpNeVdqQXZNUzB3S3dZRFZRUURFeVJpCk5ETmpNekl6TXkwNVpXUmhMVFEwTXprdFlqRm1OeTAzTXpVMk1ETTNaak0zWTJVd2dnR2lNQTBHQ1NxR1NJYjMKRFFFQkFRVUFBNElCandBd2dnR0tBb0lCZ1FETHY1QWNUZHpPSVRXampIblAzWEpLKy84cG42MlBNTlhpUDQzbgoxVStKTFNXczBHbFFmRkpxbkNleDV4Vkw3cmN5SjJ2ZEZwY01ocnFKaks0V1JEY3NucVQwR0FHbGczaDdZSVNJCjV4M1pJb25MOWJHYVBLWEZpNzFiZFMyS08xSWpGTjFmNklrZWRtaEw4eEdPeWx3aVR2Z2NVRytOeFZGM1VxREgKQkFUWkY5UzhGUWgrZUtSbWwvd0YwY3AxSHVxbFVwSEZzUk9DQit0cnhaYTBNcWQ1dWRlK0p0MXVHcnBseWh0dgpsNGdrMU5aRlhWR1k0bkl3M2ZOVFptSWJKbkE3UGdycWZCSjJBNDlMTFl3QkUyTWFJd0NHS2l0YjM5Z2VRV0hOCkc0VWVjY1A0MlNTak1naGdDZ0EzcXJwZmd1V2xxNjRVOVZaSG1RNnRkblE2R0tVeitIaFJ2QVhpOW5pYXlndkUKbXVabFNBcHRMZDVxWFo4Q0p2ZEJKMFZ5Y3pUL1F1WnZwSlpDU1JGYUlDam1LNzRZZUhEanh6V1BXaVFYN1lJcgo1MEx5L204bjdkUkZzdE9ZVHd3UkM4UklPTkRxKzZqQkNvSFZtczJpSDZ0QXZJU1lkT0doaFJWWm9rdEVQQ0xyCmt2ZDBLNWc4anRxcGV0RTZRQVdyYVppb2MrOENBd0VBQWFOQ01FQXdEZ1lEVlIwUEFRSC9CQVFEQWdJRU1BOEcKQTFVZEV3RUIvd1FGTUFNQkFmOHdIUVlEVlIwT0JCWUVGS3FuMDdPajJZajZlcWc5azJVV2FOSmQ2SVRrTUEwRwpDU3FHU0liM0RRRUJDd1VBQTRJQmdRQjY4ZnFuQVFLVGllbFA3ME8wQ1hFYmJ1RjJmVFpxdldJUWY4cVhEenJkClZJNi9mT2FZV0JrWm1GY1BKbEZNbGVZU2VpQ0svQkJ3RTdRc0pyZitKV2hCSDV6ODFJK05KajEwdTk2VmxGcVAKRGhJTGxBeHNVUjMvc2RzZ0liUEp5N0w4aG1hWVNVNlZNblBLTXBEOFBhaUVSS0dPWUV1bFpmMWhoejF3czgwUQpNZ1VhNkNWSzlHR3duR1dVM3VLckY5azRGVnd6a3kxRU13bjEyU0lTc0svTjVXL250UklzRnlDczgxQXNuem5hCnNrTjFRU2E4bEZBN1R1OUhiVHJ6djRUM2tDNXM2ZzhFeHdsMzJaYTJ3REZldlUzN0FWVEY3ZjREUXZwdHJySEIKN01ta1VUMGxwVFBucWlBYUc5azRYeWpNblMwKzkvNUFZNEJLKzJiZzMrZnJGVHVsUzA0UUI2U2t2dis2cGlSbgp5MEE0UkhPWkNsSDVmaVhwNlZ6V0lOWjRhRGhOQTdsbG5LM3VkenhaUExWNTBJdlZ6YmdINkh3Q2ZEY0dnaktXCndDYWpUcThvcVVxQ2NybVpEcHlDK0xRd3hvS2JkUUh0eTFjUHgyc1FXK0pXWEhMck96ZTJmcC9IbkhZbk1adDkKNE5vUyt2czlZL3dPQStCcjZDb29BcDg9Ci0tLS0tRU5EIENFUlRJRklDQVRFLS0tLS0K"
              }
            ],
            "master_authorized_networks_config": [],
            "master_version": "1.27.3-gke.100",
            "mesh_certificates": [],
            "min_master_version": null,
            "monitoring_config": [
              {
                "advanced_datapath_observability_config": [
                  {
                    "enable_metrics": false,
                    "relay_mode": ""
                  }
                ],
                "enable_components": [
                  "SYSTEM_COMPONENTS"
                ],
                "managed_prometheus": [
                  {
                    "enabled": true
                  }
                ]
              }
            ],
            "monitoring_service": "monitoring.googleapis.com/kubernetes",
            "name": "pw-k8s",
            "network": "projects/core-trees-404818/global/networks/pw-k8s-k8s-vpc",
            "network_policy": [
              {
                "enabled": false,
                "provider": "PROVIDER_UNSPECIFIED"
              }
            ],
            "networking_mode": "VPC_NATIVE",
            "node_config": [
              {
                "advanced_machine_features": [],
                "boot_disk_kms_key": "",
                "confidential_nodes": [],
                "disk_size_gb": 10,
                "disk_type": "pd-balanced",
                "effective_taints": [
                  {
                    "effect": "NO_SCHEDULE",
                    "key": "node.cilium.io/agent-not-ready",
                    "value": "true"
                  }
                ],
                "enable_confidential_storage": false,
                "ephemeral_storage_config": [],
                "ephemeral_storage_local_ssd_config": [],
                "fast_socket": [],
                "gcfs_config": [],
                "guest_accelerator": [],
                "gvnic": [],
                "host_maintenance_policy": [],
                "image_type": "COS_CONTAINERD",
                "kubelet_config": [],
                "labels": {
                  "mesh_id": "proj-core-trees-404818"
                },
                "linux_node_config": [],
                "local_nvme_ssd_block_config": [],
                "local_ssd_count": 0,
                "logging_variant": "DEFAULT",
                "machine_type": "e2-small",
                "metadata": {
                  "disable-legacy-endpoints": "true"
                },
                "min_cpu_platform": "",
                "node_group": "",
                "oauth_scopes": [
                  "https://www.googleapis.com/auth/devstorage.read_only",
                  "https://www.googleapis.com/auth/logging.write",
                  "https://www.googleapis.com/auth/monitoring",
                  "https://www.googleapis.com/auth/service.management.readonly",
                  "https://www.googleapis.com/auth/servicecontrol",
                  "https://www.googleapis.com/auth/trace.append"
                ],
                "preemptible": false,
                "reservation_affinity": [],
                "resource_labels": {},
                "sandbox_config": [],
                "service_account": "pw-k8s-gke-sa@core-trees-404818.iam.gserviceaccount.com",
                "shielded_instance_config": [
                  {
                    "enable_integrity_monitoring": true,
                    "enable_secure_boot": false
                  }
                ],
                "sole_tenant_config": [],
                "spot": false,
                "tags": [],
                "taint": [],
                "workload_metadata_config": [
                  {
                    "mode": "GKE_METADATA"
                  }
                ]
              }
            ],
            "node_locations": [
              "us-central1-a",
              "us-central1-b",
              "us-central1-c",
              "us-central1-f"
            ],
            "node_pool": [
              {
                "autoscaling": [
                  {
                    "location_policy": "ANY",
                    "max_node_count": 100,
                    "min_node_count": 1,
                    "total_max_node_count": 0,
                    "total_min_node_count": 0
                  }
                ],
                "initial_node_count": 1,
                "instance_group_urls": [
                  "https://www.googleapis.com/compute/v1/projects/core-trees-404818/zones/us-central1-a/instanceGroupManagers/gke-pw-k8s-pw-k8s-np-9172f647-grp",
                  "https://www.googleapis.com/compute/v1/projects/core-trees-404818/zones/us-central1-b/instanceGroupManagers/gke-pw-k8s-pw-k8s-np-9ad90490-grp",
                  "https://www.googleapis.com/compute/v1/projects/core-trees-404818/zones/us-central1-c/instanceGroupManagers/gke-pw-k8s-pw-k8s-np-07de3b9c-grp",
                  "https://www.googleapis.com/compute/v1/projects/core-trees-404818/zones/us-central1-f/instanceGroupManagers/gke-pw-k8s-pw-k8s-np-7735953c-grp"
                ],
                "managed_instance_group_urls": [
                  "https://www.googleapis.com/compute/beta/projects/core-trees-404818/zones/us-central1-a/instanceGroups/gke-pw-k8s-pw-k8s-np-9172f647-grp",
                  "https://www.googleapis.com/compute/beta/projects/core-trees-404818/zones/us-central1-b/instanceGroups/gke-pw-k8s-pw-k8s-np-9ad90490-grp",
                  "https://www.googleapis.com/compute/beta/projects/core-trees-404818/zones/us-central1-c/instanceGroups/gke-pw-k8s-pw-k8s-np-07de3b9c-grp",
                  "https://www.googleapis.com/compute/beta/projects/core-trees-404818/zones/us-central1-f/instanceGroups/gke-pw-k8s-pw-k8s-np-7735953c-grp"
                ],
                "management": [
                  {
                    "auto_repair": true,
                    "auto_upgrade": true
                  }
                ],
                "max_pods_per_node": 110,
                "name": "pw-k8s-np",
                "name_prefix": "",
                "network_config": [
                  {
                    "additional_node_network_configs": [],
                    "additional_pod_network_configs": [],
                    "create_pod_range": false,
                    "enable_private_nodes": false,
                    "pod_cidr_overprovision_config": [],
                    "pod_ipv4_cidr_block": "10.0.0.0/16",
                    "pod_range": "gke-pw-k8s-pods-8255a670"
                  }
                ],
                "node_config": [
                  {
                    "advanced_machine_features": [],
                    "boot_disk_kms_key": "",
                    "confidential_nodes": [],
                    "disk_size_gb": 10,
                    "disk_type": "pd-balanced",
                    "effective_taints": [
                      {
                        "effect": "NO_SCHEDULE",
                        "key": "node.cilium.io/agent-not-ready",
                        "value": "true"
                      }
                    ],
                    "enable_confidential_storage": false,
                    "ephemeral_storage_config": [],
                    "ephemeral_storage_local_ssd_config": [],
                    "fast_socket": [],
                    "gcfs_config": [],
                    "guest_accelerator": [],
                    "gvnic": [],
                    "host_maintenance_policy": [],
                    "image_type": "COS_CONTAINERD",
                    "kubelet_config": [],
                    "labels": {
                      "mesh_id": "proj-core-trees-404818"
                    },
                    "linux_node_config": [],
                    "local_nvme_ssd_block_config": [],
                    "local_ssd_count": 0,
                    "logging_variant": "DEFAULT",
                    "machine_type": "e2-small",
                    "metadata": {
                      "disable-legacy-endpoints": "true"
                    },
                    "min_cpu_platform": "",
                    "node_group": "",
                    "oauth_scopes": [
                      "https://www.googleapis.com/auth/devstorage.read_only",
                      "https://www.googleapis.com/auth/logging.write",
                      "https://www.googleapis.com/auth/monitoring",
                      "https://www.googleapis.com/auth/service.management.readonly",
                      "https://www.googleapis.com/auth/servicecontrol",
                      "https://www.googleapis.com/auth/trace.append"
                    ],
                    "preemptible": false,
                    "reservation_affinity": [],
                    "resource_labels": {},
                    "sandbox_config": [],
                    "service_account": "pw-k8s-gke-sa@core-trees-404818.iam.gserviceaccount.com",
                    "shielded_instance_config": [
                      {
                        "enable_integrity_monitoring": true,
                        "enable_secure_boot": false
                      }
                    ],
                    "sole_tenant_config": [],
                    "spot": false,
                    "tags": [],
                    "taint": [],
                    "workload_metadata_config": [
                      {
                        "mode": "GKE_METADATA"
                      }
                    ]
                  }
                ],
                "node_count": 1,
                "node_locations": [
                  "us-central1-a",
                  "us-central1-b",
                  "us-central1-c",
                  "us-central1-f"
                ],
                "placement_policy": [],
                "upgrade_settings": [
                  {
                    "blue_green_settings": [],
                    "max_surge": 1,
                    "max_unavailable": 0,
                    "strategy": "SURGE"
                  }
                ],
                "version": "1.27.3-gke.100"
              },
              {
                "autoscaling": [
                  {
                    "location_policy": "BALANCED",
                    "max_node_count": 1000,
                    "min_node_count": 0,
                    "total_max_node_count": 0,
                    "total_min_node_count": 0
                  }
                ],
                "initial_node_count": 0,
                "instance_group_urls": [
                  "https://www.googleapis.com/compute/v1/projects/core-trees-404818/zones/us-central1-c/instanceGroupManagers/gke-pw-k8s-nap-e2-standard-2-469rbxoq-868bf0d0-grp",
                  "https://www.googleapis.com/compute/v1/projects/core-trees-404818/zones/us-central1-a/instanceGroupManagers/gke-pw-k8s-nap-e2-standard-2-469rbxoq-c3dd700d-grp",
                  "https://www.googleapis.com/compute/v1/projects/core-trees-404818/zones/us-central1-f/instanceGroupManagers/gke-pw-k8s-nap-e2-standard-2-469rbxoq-ad46b9fb-grp",
                  "https://www.googleapis.com/compute/v1/projects/core-trees-404818/zones/us-central1-b/instanceGroupManagers/gke-pw-k8s-nap-e2-standard-2-469rbxoq-b7b4f255-grp"
                ],
                "managed_instance_group_urls": [
                  "https://www.googleapis.com/compute/beta/projects/core-trees-404818/zones/us-central1-c/instanceGroups/gke-pw-k8s-nap-e2-standard-2-469rbxoq-868bf0d0-grp",
                  "https://www.googleapis.com/compute/beta/projects/core-trees-404818/zones/us-central1-a/instanceGroups/gke-pw-k8s-nap-e2-standard-2-469rbxoq-c3dd700d-grp",
                  "https://www.googleapis.com/compute/beta/projects/core-trees-404818/zones/us-central1-f/instanceGroups/gke-pw-k8s-nap-e2-standard-2-469rbxoq-ad46b9fb-grp",
                  "https://www.googleapis.com/compute/beta/projects/core-trees-404818/zones/us-central1-b/instanceGroups/gke-pw-k8s-nap-e2-standard-2-469rbxoq-b7b4f255-grp"
                ],
                "management": [
                  {
                    "auto_repair": false,
                    "auto_upgrade": true
                  }
                ],
                "max_pods_per_node": 110,
                "name": "nap-e2-standard-2-469rbxoq",
                "name_prefix": "",
                "network_config": [
                  {
                    "additional_node_network_configs": [],
                    "additional_pod_network_configs": [],
                    "create_pod_range": false,
                    "enable_private_nodes": false,
                    "pod_cidr_overprovision_config": [],
                    "pod_ipv4_cidr_block": "10.0.0.0/16",
                    "pod_range": "gke-pw-k8s-pods-8255a670"
                  }
                ],
                "node_config": [
                  {
                    "advanced_machine_features": [],
                    "boot_disk_kms_key": "",
                    "confidential_nodes": [],
                    "disk_size_gb": 10,
                    "disk_type": "pd-standard",
                    "effective_taints": [],
                    "enable_confidential_storage": false,
                    "ephemeral_storage_config": [],
                    "ephemeral_storage_local_ssd_config": [],
                    "fast_socket": [],
                    "gcfs_config": [],
                    "guest_accelerator": [],
                    "gvnic": [],
                    "host_maintenance_policy": [],
                    "image_type": "COS_CONTAINERD",
                    "kubelet_config": [],
                    "labels": {},
                    "linux_node_config": [],
                    "local_nvme_ssd_block_config": [],
                    "local_ssd_count": 0,
                    "logging_variant": "DEFAULT",
                    "machine_type": "e2-standard-2",
                    "metadata": {
                      "disable-legacy-endpoints": "true"
                    },
                    "min_cpu_platform": "",
                    "node_group": "",
                    "oauth_scopes": [
                      "https://www.googleapis.com/auth/devstorage.read_write",
                      "https://www.googleapis.com/auth/logging.write",
                      "https://www.googleapis.com/auth/monitoring",
                      "https://www.googleapis.com/auth/service.management.readonly",
                      "https://www.googleapis.com/auth/servicecontrol",
                      "https://www.googleapis.com/auth/trace.append"
                    ],
                    "preemptible": false,
                    "reservation_affinity": [],
                    "resource_labels": {},
                    "sandbox_config": [],
                    "service_account": "default",
                    "shielded_instance_config": [
                      {
                        "enable_integrity_monitoring": true,
                        "enable_secure_boot": false
                      }
                    ],
                    "sole_tenant_config": [],
                    "spot": false,
                    "tags": [],
                    "taint": [],
                    "workload_metadata_config": [
                      {
                        "mode": "GKE_METADATA"
                      }
                    ]
                  }
                ],
                "node_count": 0,
                "node_locations": [
                  "us-central1-a",
                  "us-central1-b",
                  "us-central1-c",
                  "us-central1-f"
                ],
                "placement_policy": [
                  {
                    "policy_name": "",
                    "tpu_topology": "",
                    "type": ""
                  }
                ],
                "upgrade_settings": [
                  {
                    "blue_green_settings": [],
                    "max_surge": 0,
                    "max_unavailable": 1,
                    "strategy": "SURGE"
                  }
                ],
                "version": "1.27.3-gke.100"
              }
            ],
            "node_pool_auto_config": [],
            "node_pool_defaults": [
              {
                "node_config_defaults": [
                  {
                    "gcfs_config": [],
                    "logging_variant": "DEFAULT"
                  }
                ]
              }
            ],
            "node_version": "1.27.3-gke.100",
            "notification_config": [
              {
                "pubsub": [
                  {
                    "enabled": false,
                    "filter": [],
                    "topic": ""
                  }
                ]
              }
            ],
            "operation": null,
            "pod_security_policy_config": [
              {
                "enabled": false
              }
            ],
            "private_cluster_config": [
              {
                "enable_private_endpoint": false,
                "enable_private_nodes": true,
                "master_global_access_config": [
                  {
                    "enabled": false
                  }
                ],
                "master_ipv4_cidr_block": "192.168.69.0/28",
                "peering_name": "gke-nbc286759ed370376754-0e8a-d5fa-peer",
                "private_endpoint": "192.168.69.2",
                "private_endpoint_subnetwork": "",
                "public_endpoint": "104.155.156.172"
              }
            ],
            "private_ipv6_google_access": "",
            "project": "core-trees-404818",
            "protect_config": [
              {
                "workload_config": [
                  {
                    "audit_mode": "BASIC"
                  }
                ],
                "workload_vulnerability_mode": "WORKLOAD_VULNERABILITY_MODE_UNSPECIFIED"
              }
            ],
            "release_channel": [
              {
                "channel": "UNSPECIFIED"
              }
            ],
            "remove_default_node_pool": true,
            "resource_labels": {},
            "resource_usage_export_config": [],
            "security_posture_config": [
              {
                "mode": "BASIC",
                "vulnerability_mode": "VULNERABILITY_MODE_UNSPECIFIED"
              }
            ],
            "self_link": "https://container.googleapis.com/v1beta1/projects/core-trees-404818/locations/us-central1/clusters/pw-k8s",
            "service_external_ips_config": [
              {
                "enabled": false
              }
            ],
            "services_ipv4_cidr": "10.1.0.0/20",
            "subnetwork": "projects/core-trees-404818/regions/us-central1/subnetworks/pw-k8s-subnet",
            "timeouts": null,
            "tpu_config": [],
            "tpu_ipv4_cidr_block": "",
            "vertical_pod_autoscaling": [],
            "workload_identity_config": [
              {
                "workload_pool": "core-trees-404818.svc.id.goog"
              }
            ]
          },
          "sensitive_attributes": [],
          "private": "eyJlMmJmYjczMC1lY2FhLTExZTYtOGY4OC0zNDM2M2JjN2M0YzAiOnsiY3JlYXRlIjoyNDAwMDAwMDAwMDAwLCJkZWxldGUiOjI0MDAwMDAwMDAwMDAsInJlYWQiOjI0MDAwMDAwMDAwMDAsInVwZGF0ZSI6MzYwMDAwMDAwMDAwMH0sInNjaGVtYV92ZXJzaW9uIjoiMiJ9",
          "dependencies": [
            "google_compute_network.k8s_vpc",
            "google_compute_subnetwork.k8s_subnet"
          ]
        }
      ]
    }
  ],
  "check_results": null
}
