{
  "version": 4,
  "terraform_version": "1.6.3",
  "serial": 453,
  "lineage": "1cab9a4b-41a7-693c-9806-e79a25339abe",
  "outputs": {
    "connection_string": {
      "value": "gcloud container clusters get-credentials pw-k8s --zone us-central1 --project core-trees-404818",
      "type": "string"
    },
    "create_iap_tunnel": {
      "value": "N/A - private cluster not enabled",
      "type": "string"
    },
    "enable_workload_identity_on_node_pool": {
      "value": "N/A - Workload Identity already enabled",
      "type": "string"
    }
  },
  "resources": [
    {
      "mode": "data",
      "type": "google_netblock_ip_ranges",
      "name": "health-checkers",
      "provider": "provider[\"registry.terraform.io/hashicorp/google\"]",
      "instances": [
        {
          "schema_version": 0,
          "attributes": {
            "cidr_blocks": [
              "35.191.0.0/16",
              "130.211.0.0/22"
            ],
            "cidr_blocks_ipv4": [
              "35.191.0.0/16",
              "130.211.0.0/22"
            ],
            "cidr_blocks_ipv6": null,
            "id": "netblock-ip-ranges-health-checkers",
            "range_type": "health-checkers"
          },
          "sensitive_attributes": []
        }
      ]
    },
    {
      "mode": "data",
      "type": "google_netblock_ip_ranges",
      "name": "iap-forwarders",
      "provider": "provider[\"registry.terraform.io/hashicorp/google\"]",
      "instances": [
        {
          "schema_version": 0,
          "attributes": {
            "cidr_blocks": [
              "35.235.240.0/20"
            ],
            "cidr_blocks_ipv4": [
              "35.235.240.0/20"
            ],
            "cidr_blocks_ipv6": null,
            "id": "netblock-ip-ranges-iap-forwarders",
            "range_type": "iap-forwarders"
          },
          "sensitive_attributes": []
        }
      ]
    },
    {
      "mode": "managed",
      "type": "google_compute_firewall",
      "name": "lb_health_check",
      "provider": "provider[\"registry.terraform.io/hashicorp/google\"]",
      "instances": [
        {
          "schema_version": 1,
          "attributes": {
            "allow": [
              {
                "ports": [],
                "protocol": "tcp"
              }
            ],
            "creation_timestamp": "2023-11-13T08:33:24.133-08:00",
            "deny": [],
            "description": "Allow health checks from GCP LBs",
            "destination_ranges": [],
            "direction": "INGRESS",
            "disabled": false,
            "enable_logging": null,
            "id": "projects/core-trees-404818/global/firewalls/allow-health-check",
            "log_config": [],
            "name": "allow-health-check",
            "network": "https://www.googleapis.com/compute/v1/projects/core-trees-404818/global/networks/pw-k8s-k8s-vpc",
            "priority": 1000,
            "project": "core-trees-404818",
            "self_link": "https://www.googleapis.com/compute/v1/projects/core-trees-404818/global/firewalls/allow-health-check",
            "source_ranges": [
              "130.211.0.0/22",
              "35.191.0.0/16"
            ],
            "source_service_accounts": null,
            "source_tags": null,
            "target_service_accounts": null,
            "target_tags": null,
            "timeouts": null
          },
          "sensitive_attributes": [],
          "private": "eyJlMmJmYjczMC1lY2FhLTExZTYtOGY4OC0zNDM2M2JjN2M0YzAiOnsiY3JlYXRlIjoxMjAwMDAwMDAwMDAwLCJkZWxldGUiOjEyMDAwMDAwMDAwMDAsInVwZGF0ZSI6MTIwMDAwMDAwMDAwMH0sInNjaGVtYV92ZXJzaW9uIjoiMSJ9",
          "dependencies": [
            "data.google_netblock_ip_ranges.health-checkers",
            "google_compute_network.k8s_vpc"
          ]
        }
      ]
    },
    {
      "mode": "managed",
      "type": "google_compute_network",
      "name": "k8s_vpc",
      "provider": "provider[\"registry.terraform.io/hashicorp/google\"]",
      "instances": [
        {
          "schema_version": 0,
          "attributes": {
            "auto_create_subnetworks": false,
            "delete_default_routes_on_create": false,
            "description": "",
            "enable_ula_internal_ipv6": false,
            "gateway_ipv4": "",
            "id": "projects/core-trees-404818/global/networks/pw-k8s-k8s-vpc",
            "internal_ipv6_range": "",
            "mtu": 0,
            "name": "pw-k8s-k8s-vpc",
            "network_firewall_policy_enforcement_order": "AFTER_CLASSIC_FIREWALL",
            "project": "core-trees-404818",
            "routing_mode": "REGIONAL",
            "self_link": "https://www.googleapis.com/compute/v1/projects/core-trees-404818/global/networks/pw-k8s-k8s-vpc",
            "timeouts": null
          },
          "sensitive_attributes": [],
          "private": "eyJlMmJmYjczMC1lY2FhLTExZTYtOGY4OC0zNDM2M2JjN2M0YzAiOnsiY3JlYXRlIjoxMjAwMDAwMDAwMDAwLCJkZWxldGUiOjEyMDAwMDAwMDAwMDAsInVwZGF0ZSI6MTIwMDAwMDAwMDAwMH19"
        }
      ]
    },
    {
      "mode": "managed",
      "type": "google_compute_router",
      "name": "k8s_vpc_router",
      "provider": "provider[\"registry.terraform.io/hashicorp/google\"]",
      "instances": [
        {
          "index_key": 0,
          "schema_version": 0,
          "attributes": {
            "bgp": [],
            "creation_timestamp": "2023-11-13T08:33:24.136-08:00",
            "description": "",
            "encrypted_interconnect_router": false,
            "id": "projects/core-trees-404818/regions/us-central1/routers/pw-k8s-vpc-router",
            "name": "pw-k8s-vpc-router",
            "network": "https://www.googleapis.com/compute/v1/projects/core-trees-404818/global/networks/pw-k8s-k8s-vpc",
            "project": "core-trees-404818",
            "region": "us-central1",
            "self_link": "https://www.googleapis.com/compute/v1/projects/core-trees-404818/regions/us-central1/routers/pw-k8s-vpc-router",
            "timeouts": null
          },
          "sensitive_attributes": [],
          "private": "eyJlMmJmYjczMC1lY2FhLTExZTYtOGY4OC0zNDM2M2JjN2M0YzAiOnsiY3JlYXRlIjoxMjAwMDAwMDAwMDAwLCJkZWxldGUiOjEyMDAwMDAwMDAwMDAsInVwZGF0ZSI6MTIwMDAwMDAwMDAwMH19",
          "dependencies": [
            "google_compute_network.k8s_vpc"
          ]
        }
      ]
    },
    {
      "mode": "managed",
      "type": "google_compute_router_nat",
      "name": "k8s_vpc_router_nat",
      "provider": "provider[\"registry.terraform.io/hashicorp/google\"]",
      "instances": [
        {
          "index_key": 0,
          "schema_version": 0,
          "attributes": {
            "drain_nat_ips": null,
            "enable_dynamic_port_allocation": false,
            "enable_endpoint_independent_mapping": false,
            "icmp_idle_timeout_sec": 30,
            "id": "core-trees-404818/us-central1/pw-k8s-vpc-router/pw-k8s-vpc-router-nat",
            "log_config": [
              {
                "enable": false,
                "filter": "ERRORS_ONLY"
              }
            ],
            "max_ports_per_vm": 0,
            "min_ports_per_vm": 0,
            "name": "pw-k8s-vpc-router-nat",
            "nat_ip_allocate_option": "AUTO_ONLY",
            "nat_ips": null,
            "project": "core-trees-404818",
            "region": "us-central1",
            "router": "pw-k8s-vpc-router",
            "rules": [],
            "source_subnetwork_ip_ranges_to_nat": "ALL_SUBNETWORKS_ALL_IP_RANGES",
            "subnetwork": [],
            "tcp_established_idle_timeout_sec": 1200,
            "tcp_time_wait_timeout_sec": 120,
            "tcp_transitory_idle_timeout_sec": 30,
            "timeouts": null,
            "udp_idle_timeout_sec": 30
          },
          "sensitive_attributes": [],
          "private": "eyJlMmJmYjczMC1lY2FhLTExZTYtOGY4OC0zNDM2M2JjN2M0YzAiOnsiY3JlYXRlIjoxMjAwMDAwMDAwMDAwLCJkZWxldGUiOjEyMDAwMDAwMDAwMDAsInVwZGF0ZSI6MTIwMDAwMDAwMDAwMH19",
          "dependencies": [
            "google_compute_network.k8s_vpc",
            "google_compute_router.k8s_vpc_router"
          ]
        }
      ]
    },
    {
      "mode": "managed",
      "type": "google_compute_subnetwork",
      "name": "k8s_subnet",
      "provider": "provider[\"registry.terraform.io/hashicorp/google\"]",
      "instances": [
        {
          "schema_version": 0,
          "attributes": {
            "creation_timestamp": "2023-11-13T08:33:24.143-08:00",
            "description": "",
            "external_ipv6_prefix": "",
            "fingerprint": null,
            "gateway_address": "192.168.0.1",
            "id": "projects/core-trees-404818/regions/us-central1/subnetworks/pw-k8s-subnet",
            "internal_ipv6_prefix": "",
            "ip_cidr_range": "192.168.0.0/24",
            "ipv6_access_type": "",
            "ipv6_cidr_range": "",
            "log_config": [],
            "name": "pw-k8s-subnet",
            "network": "https://www.googleapis.com/compute/v1/projects/core-trees-404818/global/networks/pw-k8s-k8s-vpc",
            "private_ip_google_access": true,
            "private_ipv6_google_access": "DISABLE_GOOGLE_ACCESS",
            "project": "core-trees-404818",
            "purpose": "PRIVATE",
            "region": "us-central1",
            "role": "",
            "secondary_ip_range": [],
            "self_link": "https://www.googleapis.com/compute/v1/projects/core-trees-404818/regions/us-central1/subnetworks/pw-k8s-subnet",
            "stack_type": "IPV4_ONLY",
            "timeouts": null
          },
          "sensitive_attributes": [],
          "private": "eyJlMmJmYjczMC1lY2FhLTExZTYtOGY4OC0zNDM2M2JjN2M0YzAiOnsiY3JlYXRlIjoxMjAwMDAwMDAwMDAwLCJkZWxldGUiOjEyMDAwMDAwMDAwMDAsInVwZGF0ZSI6MTIwMDAwMDAwMDAwMH19",
          "dependencies": [
            "google_compute_network.k8s_vpc"
          ]
        }
      ]
    },
    {
      "mode": "managed",
      "type": "google_compute_subnetwork",
      "name": "proxy_only_subnet",
      "provider": "provider[\"registry.terraform.io/hashicorp/google-beta\"]",
      "instances": [
        {
          "schema_version": 0,
          "attributes": {
            "allow_subnet_cidr_routes_overlap": false,
            "creation_timestamp": "2023-11-13T08:33:24.462-08:00",
            "description": "",
            "external_ipv6_prefix": "",
            "fingerprint": null,
            "gateway_address": "192.168.254.1",
            "id": "projects/core-trees-404818/regions/us-central1/subnetworks/pw-k8s-proxy-only-subnet",
            "internal_ipv6_prefix": "",
            "ip_cidr_range": "192.168.254.0/23",
            "ipv6_access_type": "",
            "ipv6_cidr_range": "",
            "log_config": [],
            "name": "pw-k8s-proxy-only-subnet",
            "network": "https://www.googleapis.com/compute/v1/projects/core-trees-404818/global/networks/pw-k8s-k8s-vpc",
            "private_ip_google_access": false,
            "private_ipv6_google_access": "DISABLE_GOOGLE_ACCESS",
            "project": "core-trees-404818",
            "purpose": "REGIONAL_MANAGED_PROXY",
            "region": "us-central1",
            "role": "ACTIVE",
            "secondary_ip_range": [],
            "self_link": "https://www.googleapis.com/compute/v1/projects/core-trees-404818/regions/us-central1/subnetworks/pw-k8s-proxy-only-subnet",
            "stack_type": "",
            "timeouts": null
          },
          "sensitive_attributes": [],
          "private": "eyJlMmJmYjczMC1lY2FhLTExZTYtOGY4OC0zNDM2M2JjN2M0YzAiOnsiY3JlYXRlIjoxMjAwMDAwMDAwMDAwLCJkZWxldGUiOjEyMDAwMDAwMDAwMDAsInVwZGF0ZSI6MTIwMDAwMDAwMDAwMH19",
          "dependencies": [
            "google_compute_network.k8s_vpc"
          ]
        }
      ]
    },
    {
      "mode": "managed",
      "type": "google_compute_subnetwork",
      "name": "psc_subnet",
      "provider": "provider[\"registry.terraform.io/hashicorp/google-beta\"]",
      "instances": [
        {
          "schema_version": 0,
          "attributes": {
            "allow_subnet_cidr_routes_overlap": false,
            "creation_timestamp": "2023-11-13T08:33:24.442-08:00",
            "description": "",
            "external_ipv6_prefix": "",
            "fingerprint": null,
            "gateway_address": "192.168.253.1",
            "id": "projects/core-trees-404818/regions/us-central1/subnetworks/pw-k8s-psc-subnet",
            "internal_ipv6_prefix": "",
            "ip_cidr_range": "192.168.253.0/26",
            "ipv6_access_type": "",
            "ipv6_cidr_range": "",
            "log_config": [],
            "name": "pw-k8s-psc-subnet",
            "network": "https://www.googleapis.com/compute/v1/projects/core-trees-404818/global/networks/pw-k8s-k8s-vpc",
            "private_ip_google_access": true,
            "private_ipv6_google_access": "DISABLE_GOOGLE_ACCESS",
            "project": "core-trees-404818",
            "purpose": "PRIVATE_SERVICE_CONNECT",
            "region": "us-central1",
            "role": "",
            "secondary_ip_range": [],
            "self_link": "https://www.googleapis.com/compute/v1/projects/core-trees-404818/regions/us-central1/subnetworks/pw-k8s-psc-subnet",
            "stack_type": "",
            "timeouts": null
          },
          "sensitive_attributes": [],
          "private": "eyJlMmJmYjczMC1lY2FhLTExZTYtOGY4OC0zNDM2M2JjN2M0YzAiOnsiY3JlYXRlIjoxMjAwMDAwMDAwMDAwLCJkZWxldGUiOjEyMDAwMDAwMDAwMDAsInVwZGF0ZSI6MTIwMDAwMDAwMDAwMH19",
          "dependencies": [
            "google_compute_network.k8s_vpc"
          ]
        }
      ]
    },
    {
      "mode": "managed",
      "type": "google_container_cluster",
      "name": "primary",
      "provider": "provider[\"registry.terraform.io/hashicorp/google-beta\"]",
      "instances": [
        {
          "schema_version": 2,
          "attributes": {
            "addons_config": [
              {
                "cloudrun_config": [],
                "config_connector_config": [
                  {
                    "enabled": false
                  }
                ],
                "dns_cache_config": [],
                "gce_persistent_disk_csi_driver_config": [
                  {
                    "enabled": true
                  }
                ],
                "gcp_filestore_csi_driver_config": [
                  {
                    "enabled": false
                  }
                ],
                "gcs_fuse_csi_driver_config": [],
                "gke_backup_agent_config": [],
                "horizontal_pod_autoscaling": [
                  {
                    "disabled": false
                  }
                ],
                "http_load_balancing": [
                  {
                    "disabled": false
                  }
                ],
                "istio_config": [],
                "kalm_config": [],
                "network_policy_config": [
                  {
                    "disabled": true
                  }
                ]
              }
            ],
            "allow_net_admin": null,
            "authenticator_groups_config": [],
            "binary_authorization": [
              {
                "enabled": false,
                "evaluation_mode": "DISABLED"
              }
            ],
            "cluster_autoscaling": [
              {
                "auto_provisioning_defaults": [
                  {
                    "boot_disk_kms_key": "",
                    "disk_size": 0,
                    "disk_type": "",
                    "image_type": "COS_CONTAINERD",
                    "management": [
                      {
                        "auto_repair": false,
                        "auto_upgrade": false,
                        "upgrade_options": []
                      }
                    ],
                    "min_cpu_platform": "",
                    "oauth_scopes": [
                      "https://www.googleapis.com/auth/devstorage.read_only",
                      "https://www.googleapis.com/auth/logging.write",
                      "https://www.googleapis.com/auth/monitoring",
                      "https://www.googleapis.com/auth/service.management.readonly",
                      "https://www.googleapis.com/auth/servicecontrol",
                      "https://www.googleapis.com/auth/trace.append"
                    ],
                    "service_account": "default",
                    "shielded_instance_config": [],
                    "upgrade_settings": []
                  }
                ],
                "autoscaling_profile": "BALANCED",
                "enabled": true,
                "resource_limits": [
                  {
                    "maximum": 128,
                    "minimum": 2,
                    "resource_type": "cpu"
                  },
                  {
                    "maximum": 512,
                    "minimum": 4,
                    "resource_type": "memory"
                  }
                ]
              }
            ],
            "cluster_ipv4_cidr": "10.0.0.0/16",
            "cluster_telemetry": [
              {
                "type": "ENABLED"
              }
            ],
            "confidential_nodes": [
              {
                "enabled": false
              }
            ],
            "cost_management_config": [],
            "database_encryption": [
              {
                "key_name": "",
                "state": "DECRYPTED"
              }
            ],
            "datapath_provider": "",
            "default_max_pods_per_node": 110,
            "default_snat_status": [
              {
                "disabled": false
              }
            ],
            "deletion_protection": false,
            "description": "",
            "dns_config": [],
            "enable_autopilot": false,
            "enable_fqdn_network_policy": false,
            "enable_intranode_visibility": false,
            "enable_k8s_beta_apis": [],
            "enable_kubernetes_alpha": false,
            "enable_l4_ilb_subsetting": false,
            "enable_legacy_abac": false,
            "enable_multi_networking": false,
            "enable_shielded_nodes": true,
            "enable_tpu": false,
            "endpoint": "34.31.209.86",
            "gateway_api_config": [],
            "id": "projects/core-trees-404818/locations/us-central1/clusters/pw-k8s",
            "identity_service_config": [],
            "initial_node_count": 1,
            "ip_allocation_policy": [
              {
                "additional_pod_ranges_config": [],
                "cluster_ipv4_cidr_block": "10.0.0.0/16",
                "cluster_secondary_range_name": "gke-pw-k8s-pods-200c468c",
                "pod_cidr_overprovision_config": [
                  {
                    "disabled": false
                  }
                ],
                "services_ipv4_cidr_block": "10.1.0.0/20",
                "services_secondary_range_name": "gke-pw-k8s-services-200c468c",
                "stack_type": "IPV4"
              }
            ],
            "label_fingerprint": "a9dc16a7",
            "location": "us-central1",
            "logging_config": [
              {
                "enable_components": [
                  "SYSTEM_COMPONENTS",
                  "WORKLOADS"
                ]
              }
            ],
            "logging_service": "logging.googleapis.com/kubernetes",
            "maintenance_policy": [
              {
                "daily_maintenance_window": [
                  {
                    "duration": "PT4H0M0S",
                    "start_time": "03:00"
                  }
                ],
                "maintenance_exclusion": [],
                "recurring_window": []
              }
            ],
            "master_auth": [
              {
                "client_certificate": "",
                "client_certificate_config": [
                  {
                    "issue_client_certificate": false
                  }
                ],
                "client_key": "",
                "cluster_ca_certificate": "LS0tLS1CRUdJTiBDRVJUSUZJQ0FURS0tLS0tCk1JSUVMVENDQXBXZ0F3SUJBZ0lSQVBtZVVVMDdvTFJBS05DbmFHRXZ0WHN3RFFZSktvWklodmNOQVFFTEJRQXcKTHpFdE1Dc0dBMVVFQXhNa1ltRTJNekpqTkdVdE16SmlOaTAwTVdReUxXRmlNR1l0TnprMFlXRXpPREUwTWpFeApNQ0FYRFRJek1URXhNekUxTXpNME5sb1lEekl3TlRNeE1UQTFNVFl6TXpRMldqQXZNUzB3S3dZRFZRUURFeVJpCllUWXpNbU0wWlMwek1tSTJMVFF4WkRJdFlXSXdaaTAzT1RSaFlUTTRNVFF5TVRFd2dnR2lNQTBHQ1NxR1NJYjMKRFFFQkFRVUFBNElCandBd2dnR0tBb0lCZ1FDRUpsYy91Y212cCtNTStWSUNoRXRYNEFGWE5YR2Z4emF0ZlBybAp6TW5hc3p2K0dSanJJME90SUdZMzJZQWlieXFUd0FiaktuMUpRb0cvUGxIZktEZVN6TWVmMTRFZXl6WG85MUZmClRtY2xzV3ZzdW1wWmpVSG5Gc29uUzBsdXlmYjFIUituWkZIYlpWb0xZTkd0VGo0L2N2SjBNWUREblluZDV0NXIKTDR2R2JYYzJHK1N1VGxmS2pVODdudlVFa1NPUE93NkNkTHplWXFaVWtBMUozNGlMVEFsSVU4SlNLUXpqL0RzeQp5UGRZUWtBbE5tVXRNVVBqZ3VIdEw3RGtlOWc5L1pyZzZETHlBSE15czdlQlZCcVpscWdSa1gzcjJTcnFlMkJXCk9vNWJEOTRPQXYyZVQ3bFpNVllJd2phOVl0VnZwT1BLSUZaT0ZPY1doMDFKS3VNaWc1cm1xd2xRMmlKV1RaTFkKMVJqNkhCUlZIYUMwdjZ5dm1uank0cDJ1ZmdpZCtHK2xwRE83aUVFS0xLalZxaWpmOEVLMUczNGg4NTZlWE02dgoyTGNrQ2RObWJzVTRlNkVIWnlvaHc4cVlnODZRTFhLNWpPSlpXZnBkTEtZdjVkTVQ2bmtDQlRTUHQ3THFDdHdiCnpjR0FpaWZFU1JYUWRpaXVBRE5hckE0aURUTUNBd0VBQWFOQ01FQXdEZ1lEVlIwUEFRSC9CQVFEQWdJRU1BOEcKQTFVZEV3RUIvd1FGTUFNQkFmOHdIUVlEVlIwT0JCWUVGQjZQS1lvMDBrR3BsdUpqc0w3VE1IWEloOWRDTUEwRwpDU3FHU0liM0RRRUJDd1VBQTRJQmdRQ0JmdzJ2L2dZT2FUZXJEc2QyL3RuRGR4NzdySE96cE9xMXg5cTdYQjBkCjllTlR5NUh4RmY3eUFWNm41d3B0UWtlVk9lOU1lS1RYSHZqWWtVYmczOWFwV0MxM2VKbkEwWnJyVEIyVzd6ckcKWmhvdmFBZnRXTzgyMnY3NG5Dc29ieTViVnphQVZZQUtKN2tPbHp2RzU0VGZBVXJkT3k4K0owTjdoVjhLTWprbApvU09Bb2dxamlmdldHWHdkR0NGQnNDcG9TaXh0aDBsSmErckZqR3hUMU5Nc2NKZFlZUUJJV0JYRlFScFRkb2Z1CmZiNHpwNW1QTE1NYklRdmVtYkVMZTBaQVJqMXdvWk1NSGoydFovOXgrWVVkYkw1UE83SERkTmRROWxmY1dYVk8KcFliY2FUdnpXMVIxUTQvdmxXdWNNTTZjVWdMMkNqczlDcFFSYmRSUnFlYTl4SkNQSXZ2SEV4VHlNYXRXQUVPVwphMWw4eElOeDdQZG10U1R0MWdXNmdQekluUE4vYXlJTVh6eVBBemxPMElCN3ByTkdXSFBjVjYrdlZCUW0zeWJjCmg0Y0lub1Y4QXl5dVZoWml1b2IzREJ3NGRjaWMrT2tjTHpiYWhIR0E3YW1DakJPalpsNnlGaW1MMVM1d0s1b1kKWUhCSEs3SUViU2VjWkIvVzVyUTNmUzg9Ci0tLS0tRU5EIENFUlRJRklDQVRFLS0tLS0K"
              }
            ],
            "master_authorized_networks_config": [
              {
                "cidr_blocks": [
                  {
                    "cidr_block": "50.223.50.163/32",
                    "display_name": "allowed-cidr"
                  }
                ],
                "gcp_public_cidrs_access_enabled": false
              }
            ],
            "master_version": "1.27.3-gke.100",
            "mesh_certificates": [],
            "min_master_version": null,
            "monitoring_config": [
              {
                "advanced_datapath_observability_config": [
                  {
                    "enable_metrics": false,
                    "relay_mode": "DISABLED"
                  }
                ],
                "enable_components": [
                  "SYSTEM_COMPONENTS"
                ],
                "managed_prometheus": [
                  {
                    "enabled": true
                  }
                ]
              }
            ],
            "monitoring_service": "monitoring.googleapis.com/kubernetes",
            "name": "pw-k8s",
            "network": "projects/core-trees-404818/global/networks/pw-k8s-k8s-vpc",
            "network_policy": [
              {
                "enabled": false,
                "provider": "PROVIDER_UNSPECIFIED"
              }
            ],
            "networking_mode": "VPC_NATIVE",
            "node_config": [],
            "node_locations": [
              "us-central1-a",
              "us-central1-b",
              "us-central1-c",
              "us-central1-f"
            ],
            "node_pool": [],
            "node_pool_auto_config": [],
            "node_pool_defaults": [
              {
                "node_config_defaults": [
                  {
                    "gcfs_config": [],
                    "logging_variant": "DEFAULT"
                  }
                ]
              }
            ],
            "node_version": "1.27.3-gke.100",
            "notification_config": [
              {
                "pubsub": [
                  {
                    "enabled": false,
                    "filter": [],
                    "topic": ""
                  }
                ]
              }
            ],
            "operation": null,
            "pod_security_policy_config": [
              {
                "enabled": false
              }
            ],
            "private_cluster_config": [
              {
                "enable_private_endpoint": false,
                "enable_private_nodes": true,
                "master_global_access_config": [
                  {
                    "enabled": false
                  }
                ],
                "master_ipv4_cidr_block": "192.168.69.0/28",
                "peering_name": "gke-nbc286759ed370376754-c220-5a50-peer",
                "private_endpoint": "192.168.69.2",
                "private_endpoint_subnetwork": "",
                "public_endpoint": "34.31.209.86"
              }
            ],
            "private_ipv6_google_access": "",
            "project": "core-trees-404818",
            "protect_config": [
              {
                "workload_config": [
                  {
                    "audit_mode": "BASIC"
                  }
                ],
                "workload_vulnerability_mode": "WORKLOAD_VULNERABILITY_MODE_UNSPECIFIED"
              }
            ],
            "release_channel": [
              {
                "channel": "UNSPECIFIED"
              }
            ],
            "remove_default_node_pool": true,
            "resource_labels": null,
            "resource_usage_export_config": [],
            "security_posture_config": [
              {
                "mode": "BASIC",
                "vulnerability_mode": "VULNERABILITY_MODE_UNSPECIFIED"
              }
            ],
            "self_link": "https://container.googleapis.com/v1beta1/projects/core-trees-404818/locations/us-central1/clusters/pw-k8s",
            "service_external_ips_config": [
              {
                "enabled": false
              }
            ],
            "services_ipv4_cidr": "10.1.0.0/20",
            "subnetwork": "projects/core-trees-404818/regions/us-central1/subnetworks/pw-k8s-subnet",
            "timeouts": null,
            "tpu_config": null,
            "tpu_ipv4_cidr_block": "",
            "vertical_pod_autoscaling": [],
            "workload_identity_config": [
              {
                "workload_pool": "core-trees-404818.svc.id.goog"
              }
            ]
          },
          "sensitive_attributes": [],
          "private": "eyJlMmJmYjczMC1lY2FhLTExZTYtOGY4OC0zNDM2M2JjN2M0YzAiOnsiY3JlYXRlIjoyNDAwMDAwMDAwMDAwLCJkZWxldGUiOjI0MDAwMDAwMDAwMDAsInJlYWQiOjI0MDAwMDAwMDAwMDAsInVwZGF0ZSI6MzYwMDAwMDAwMDAwMH0sInNjaGVtYV92ZXJzaW9uIjoiMiJ9",
          "dependencies": [
            "google_compute_network.k8s_vpc",
            "google_compute_subnetwork.k8s_subnet"
          ]
        }
      ]
    },
    {
      "mode": "managed",
      "type": "google_container_node_pool",
      "name": "primary_preemptible_nodes",
      "provider": "provider[\"registry.terraform.io/hashicorp/google\"]",
      "instances": [
        {
          "schema_version": 1,
          "attributes": {
            "autoscaling": [
              {
                "location_policy": "ANY",
                "max_node_count": 100,
                "min_node_count": 1,
                "total_max_node_count": 0,
                "total_min_node_count": 0
              }
            ],
            "cluster": "projects/core-trees-404818/locations/us-central1/clusters/pw-k8s",
            "id": "projects/core-trees-404818/locations/us-central1/clusters/pw-k8s/nodePools/pw-k8s-np",
            "initial_node_count": 1,
            "instance_group_urls": [
              "https://www.googleapis.com/compute/v1/projects/core-trees-404818/zones/us-central1-a/instanceGroupManagers/gke-pw-k8s-pw-k8s-np-e921490d-grp",
              "https://www.googleapis.com/compute/v1/projects/core-trees-404818/zones/us-central1-b/instanceGroupManagers/gke-pw-k8s-pw-k8s-np-5ea4f00c-grp",
              "https://www.googleapis.com/compute/v1/projects/core-trees-404818/zones/us-central1-c/instanceGroupManagers/gke-pw-k8s-pw-k8s-np-84d070a9-grp",
              "https://www.googleapis.com/compute/v1/projects/core-trees-404818/zones/us-central1-f/instanceGroupManagers/gke-pw-k8s-pw-k8s-np-21699159-grp"
            ],
            "location": "us-central1",
            "managed_instance_group_urls": [
              "https://www.googleapis.com/compute/v1/projects/core-trees-404818/zones/us-central1-a/instanceGroups/gke-pw-k8s-pw-k8s-np-e921490d-grp",
              "https://www.googleapis.com/compute/v1/projects/core-trees-404818/zones/us-central1-b/instanceGroups/gke-pw-k8s-pw-k8s-np-5ea4f00c-grp",
              "https://www.googleapis.com/compute/v1/projects/core-trees-404818/zones/us-central1-c/instanceGroups/gke-pw-k8s-pw-k8s-np-84d070a9-grp",
              "https://www.googleapis.com/compute/v1/projects/core-trees-404818/zones/us-central1-f/instanceGroups/gke-pw-k8s-pw-k8s-np-21699159-grp"
            ],
            "management": [
              {
                "auto_repair": true,
                "auto_upgrade": true
              }
            ],
            "max_pods_per_node": 110,
            "name": "pw-k8s-np",
            "name_prefix": "",
            "network_config": [
              {
                "create_pod_range": false,
                "enable_private_nodes": false,
                "pod_cidr_overprovision_config": [],
                "pod_ipv4_cidr_block": "10.0.0.0/16",
                "pod_range": "gke-pw-k8s-pods-200c468c"
              }
            ],
            "node_config": [
              {
                "advanced_machine_features": [],
                "boot_disk_kms_key": "",
                "confidential_nodes": [],
                "disk_size_gb": 10,
                "disk_type": "pd-balanced",
                "effective_taints": [
                  {
                    "effect": "NO_SCHEDULE",
                    "key": "node.cilium.io/agent-not-ready",
                    "value": "true"
                  }
                ],
                "ephemeral_storage_local_ssd_config": [],
                "fast_socket": [],
                "gcfs_config": [],
                "guest_accelerator": [],
                "gvnic": [],
                "host_maintenance_policy": [],
                "image_type": "COS_CONTAINERD",
                "kubelet_config": [],
                "labels": {
                  "mesh_id": "proj-core-trees-404818"
                },
                "linux_node_config": [],
                "local_nvme_ssd_block_config": [],
                "local_ssd_count": 0,
                "logging_variant": "DEFAULT",
                "machine_type": "e2-medium",
                "metadata": {
                  "disable-legacy-endpoints": "true"
                },
                "min_cpu_platform": "",
                "node_group": "",
                "oauth_scopes": [
                  "https://www.googleapis.com/auth/devstorage.read_only",
                  "https://www.googleapis.com/auth/logging.write",
                  "https://www.googleapis.com/auth/monitoring",
                  "https://www.googleapis.com/auth/service.management.readonly",
                  "https://www.googleapis.com/auth/servicecontrol",
                  "https://www.googleapis.com/auth/trace.append"
                ],
                "preemptible": true,
                "reservation_affinity": [],
                "resource_labels": null,
                "service_account": "pw-k8s-gke-sa@core-trees-404818.iam.gserviceaccount.com",
                "shielded_instance_config": [
                  {
                    "enable_integrity_monitoring": true,
                    "enable_secure_boot": false
                  }
                ],
                "sole_tenant_config": [],
                "spot": false,
                "tags": null,
                "taint": [
                  {
                    "effect": "NO_SCHEDULE",
                    "key": "node.cilium.io/agent-not-ready",
                    "value": "true"
                  }
                ],
                "workload_metadata_config": [
                  {
                    "mode": "GKE_METADATA"
                  }
                ]
              }
            ],
            "node_count": 1,
            "node_locations": [
              "us-central1-a",
              "us-central1-b",
              "us-central1-c",
              "us-central1-f"
            ],
            "operation": null,
            "placement_policy": [],
            "project": "core-trees-404818",
            "timeouts": null,
            "upgrade_settings": [
              {
                "blue_green_settings": [],
                "max_surge": 1,
                "max_unavailable": 0,
                "strategy": "SURGE"
              }
            ],
            "version": "1.27.3-gke.100"
          },
          "sensitive_attributes": [],
          "private": "eyJlMmJmYjczMC1lY2FhLTExZTYtOGY4OC0zNDM2M2JjN2M0YzAiOnsiY3JlYXRlIjoxODAwMDAwMDAwMDAwLCJkZWxldGUiOjE4MDAwMDAwMDAwMDAsInVwZGF0ZSI6MTgwMDAwMDAwMDAwMH0sInNjaGVtYV92ZXJzaW9uIjoiMSJ9",
          "dependencies": [
            "google_compute_network.k8s_vpc",
            "google_compute_subnetwork.k8s_subnet",
            "google_container_cluster.primary",
            "google_service_account.gke_sa"
          ]
        }
      ]
    },
    {
      "mode": "managed",
      "type": "google_project_iam_member",
      "name": "gke_sa_iam_member",
      "provider": "provider[\"registry.terraform.io/hashicorp/google\"]",
      "instances": [
        {
          "index_key": 0,
          "schema_version": 0,
          "attributes": {
            "condition": [],
            "etag": "BwYKCzzUdik=",
            "id": "core-trees-404818/roles/container.nodeServiceAccount/serviceAccount:pw-k8s-gke-sa@core-trees-404818.iam.gserviceaccount.com",
            "member": "serviceAccount:pw-k8s-gke-sa@core-trees-404818.iam.gserviceaccount.com",
            "project": "core-trees-404818",
            "role": "roles/container.nodeServiceAccount"
          },
          "sensitive_attributes": [],
          "private": "bnVsbA==",
          "dependencies": [
            "google_service_account.gke_sa"
          ]
        }
      ]
    },
    {
      "mode": "managed",
      "type": "google_project_iam_member",
      "name": "wi_gsa_iam_member",
      "provider": "provider[\"registry.terraform.io/hashicorp/google\"]",
      "instances": [
        {
          "index_key": 0,
          "schema_version": 0,
          "attributes": {
            "condition": [],
            "etag": "BwYKCzv0NEs=",
            "id": "core-trees-404818/roles/clouddebugger.agent/serviceAccount:simple-wi-gsa@core-trees-404818.iam.gserviceaccount.com",
            "member": "serviceAccount:simple-wi-gsa@core-trees-404818.iam.gserviceaccount.com",
            "project": "core-trees-404818",
            "role": "roles/clouddebugger.agent"
          },
          "sensitive_attributes": [],
          "private": "bnVsbA==",
          "dependencies": [
            "google_service_account.wi_gsa"
          ]
        },
        {
          "index_key": 1,
          "schema_version": 0,
          "attributes": {
            "condition": [],
            "etag": "BwYKCzv0NEs=",
            "id": "core-trees-404818/roles/cloudprofiler.agent/serviceAccount:simple-wi-gsa@core-trees-404818.iam.gserviceaccount.com",
            "member": "serviceAccount:simple-wi-gsa@core-trees-404818.iam.gserviceaccount.com",
            "project": "core-trees-404818",
            "role": "roles/cloudprofiler.agent"
          },
          "sensitive_attributes": [],
          "private": "bnVsbA==",
          "dependencies": [
            "google_service_account.wi_gsa"
          ]
        },
        {
          "index_key": 2,
          "schema_version": 0,
          "attributes": {
            "condition": [],
            "etag": "BwYKCzv0NEs=",
            "id": "core-trees-404818/roles/cloudtrace.agent/serviceAccount:simple-wi-gsa@core-trees-404818.iam.gserviceaccount.com",
            "member": "serviceAccount:simple-wi-gsa@core-trees-404818.iam.gserviceaccount.com",
            "project": "core-trees-404818",
            "role": "roles/cloudtrace.agent"
          },
          "sensitive_attributes": [],
          "private": "bnVsbA==",
          "dependencies": [
            "google_service_account.wi_gsa"
          ]
        },
        {
          "index_key": 3,
          "schema_version": 0,
          "attributes": {
            "condition": [],
            "etag": "BwYKCzv0NEs=",
            "id": "core-trees-404818/roles/monitoring.metricWriter/serviceAccount:simple-wi-gsa@core-trees-404818.iam.gserviceaccount.com",
            "member": "serviceAccount:simple-wi-gsa@core-trees-404818.iam.gserviceaccount.com",
            "project": "core-trees-404818",
            "role": "roles/monitoring.metricWriter"
          },
          "sensitive_attributes": [],
          "private": "bnVsbA==",
          "dependencies": [
            "google_service_account.wi_gsa"
          ]
        }
      ]
    },
    {
      "mode": "managed",
      "type": "google_service_account",
      "name": "gke_sa",
      "provider": "provider[\"registry.terraform.io/hashicorp/google\"]",
      "instances": [
        {
          "schema_version": 0,
          "attributes": {
            "account_id": "pw-k8s-gke-sa",
            "description": "",
            "disabled": false,
            "display_name": "Custom GKE service account",
            "email": "pw-k8s-gke-sa@core-trees-404818.iam.gserviceaccount.com",
            "id": "projects/core-trees-404818/serviceAccounts/pw-k8s-gke-sa@core-trees-404818.iam.gserviceaccount.com",
            "member": "serviceAccount:pw-k8s-gke-sa@core-trees-404818.iam.gserviceaccount.com",
            "name": "projects/core-trees-404818/serviceAccounts/pw-k8s-gke-sa@core-trees-404818.iam.gserviceaccount.com",
            "project": "core-trees-404818",
            "timeouts": null,
            "unique_id": "112123653151566779060"
          },
          "sensitive_attributes": [],
          "private": "eyJlMmJmYjczMC1lY2FhLTExZTYtOGY4OC0zNDM2M2JjN2M0YzAiOnsiY3JlYXRlIjozMDAwMDAwMDAwMDB9fQ=="
        }
      ]
    },
    {
      "mode": "managed",
      "type": "google_service_account",
      "name": "wi_gsa",
      "provider": "provider[\"registry.terraform.io/hashicorp/google\"]",
      "instances": [
        {
          "schema_version": 0,
          "attributes": {
            "account_id": "simple-wi-gsa",
            "description": "",
            "disabled": false,
            "display_name": "Workload Identity Google service account",
            "email": "simple-wi-gsa@core-trees-404818.iam.gserviceaccount.com",
            "id": "projects/core-trees-404818/serviceAccounts/simple-wi-gsa@core-trees-404818.iam.gserviceaccount.com",
            "member": "serviceAccount:simple-wi-gsa@core-trees-404818.iam.gserviceaccount.com",
            "name": "projects/core-trees-404818/serviceAccounts/simple-wi-gsa@core-trees-404818.iam.gserviceaccount.com",
            "project": "core-trees-404818",
            "timeouts": null,
            "unique_id": "103154621072146185944"
          },
          "sensitive_attributes": [],
          "private": "eyJlMmJmYjczMC1lY2FhLTExZTYtOGY4OC0zNDM2M2JjN2M0YzAiOnsiY3JlYXRlIjozMDAwMDAwMDAwMDB9fQ=="
        }
      ]
    }
  ],
  "check_results": null
}
