{
  "version": 4,
  "terraform_version": "1.6.3",
  "serial": 417,
  "lineage": "1cab9a4b-41a7-693c-9806-e79a25339abe",
  "outputs": {},
  "resources": [
    {
      "mode": "managed",
      "type": "google_compute_network",
      "name": "k8s_vpc",
      "provider": "provider[\"registry.terraform.io/hashicorp/google\"]",
      "instances": [
        {
          "schema_version": 0,
          "attributes": {
            "auto_create_subnetworks": false,
            "delete_default_routes_on_create": false,
            "description": "",
            "enable_ula_internal_ipv6": false,
            "gateway_ipv4": "",
            "id": "projects/core-trees-404818/global/networks/pw-k8s-k8s-vpc",
            "internal_ipv6_range": "",
            "mtu": 0,
            "name": "pw-k8s-k8s-vpc",
            "network_firewall_policy_enforcement_order": "AFTER_CLASSIC_FIREWALL",
            "project": "core-trees-404818",
            "routing_mode": "REGIONAL",
            "self_link": "https://www.googleapis.com/compute/v1/projects/core-trees-404818/global/networks/pw-k8s-k8s-vpc",
            "timeouts": null
          },
          "sensitive_attributes": [],
          "private": "eyJlMmJmYjczMC1lY2FhLTExZTYtOGY4OC0zNDM2M2JjN2M0YzAiOnsiY3JlYXRlIjoxMjAwMDAwMDAwMDAwLCJkZWxldGUiOjEyMDAwMDAwMDAwMDAsInVwZGF0ZSI6MTIwMDAwMDAwMDAwMH19"
        }
      ]
    },
    {
      "mode": "managed",
      "type": "google_compute_subnetwork",
      "name": "k8s_subnet",
      "provider": "provider[\"registry.terraform.io/hashicorp/google\"]",
      "instances": [
        {
          "schema_version": 0,
          "attributes": {
            "creation_timestamp": "2023-11-12T15:16:48.945-08:00",
            "description": "",
            "external_ipv6_prefix": "",
            "fingerprint": null,
            "gateway_address": "192.168.0.1",
            "id": "projects/core-trees-404818/regions/us-central1/subnetworks/pw-k8s-subnet",
            "internal_ipv6_prefix": "",
            "ip_cidr_range": "192.168.0.0/24",
            "ipv6_access_type": "",
            "ipv6_cidr_range": "",
            "log_config": [],
            "name": "pw-k8s-subnet",
            "network": "https://www.googleapis.com/compute/v1/projects/core-trees-404818/global/networks/pw-k8s-k8s-vpc",
            "private_ip_google_access": true,
            "private_ipv6_google_access": "DISABLE_GOOGLE_ACCESS",
            "project": "core-trees-404818",
            "purpose": "PRIVATE",
            "region": "us-central1",
            "role": "",
            "secondary_ip_range": [
              {
                "ip_cidr_range": "10.0.0.0/16",
                "range_name": "gke-pw-k8s-pods-36daaa25"
              },
              {
                "ip_cidr_range": "10.1.0.0/20",
                "range_name": "gke-pw-k8s-services-36daaa25"
              }
            ],
            "self_link": "https://www.googleapis.com/compute/v1/projects/core-trees-404818/regions/us-central1/subnetworks/pw-k8s-subnet",
            "stack_type": "IPV4_ONLY",
            "timeouts": null
          },
          "sensitive_attributes": [],
          "private": "eyJlMmJmYjczMC1lY2FhLTExZTYtOGY4OC0zNDM2M2JjN2M0YzAiOnsiY3JlYXRlIjoxMjAwMDAwMDAwMDAwLCJkZWxldGUiOjEyMDAwMDAwMDAwMDAsInVwZGF0ZSI6MTIwMDAwMDAwMDAwMH19",
          "dependencies": [
            "google_compute_network.k8s_vpc"
          ]
        }
      ]
    },
    {
      "mode": "managed",
      "type": "google_container_cluster",
      "name": "primary",
      "provider": "provider[\"registry.terraform.io/hashicorp/google-beta\"]",
      "instances": [
        {
          "schema_version": 2,
          "attributes": {
            "addons_config": [
              {
                "cloudrun_config": [],
                "config_connector_config": [
                  {
                    "enabled": false
                  }
                ],
                "dns_cache_config": [],
                "gce_persistent_disk_csi_driver_config": [
                  {
                    "enabled": true
                  }
                ],
                "gcp_filestore_csi_driver_config": [
                  {
                    "enabled": false
                  }
                ],
                "gcs_fuse_csi_driver_config": [],
                "gke_backup_agent_config": [],
                "horizontal_pod_autoscaling": [
                  {
                    "disabled": false
                  }
                ],
                "http_load_balancing": [
                  {
                    "disabled": false
                  }
                ],
                "istio_config": [],
                "kalm_config": [],
                "network_policy_config": [
                  {
                    "disabled": true
                  }
                ]
              }
            ],
            "allow_net_admin": null,
            "authenticator_groups_config": [],
            "binary_authorization": [
              {
                "enabled": false,
                "evaluation_mode": "DISABLED"
              }
            ],
            "cluster_autoscaling": [
              {
                "auto_provisioning_defaults": [
                  {
                    "boot_disk_kms_key": "",
                    "disk_size": 0,
                    "disk_type": "",
                    "image_type": "COS_CONTAINERD",
                    "management": [
                      {
                        "auto_repair": false,
                        "auto_upgrade": false,
                        "upgrade_options": []
                      }
                    ],
                    "min_cpu_platform": "",
                    "oauth_scopes": [
                      "https://www.googleapis.com/auth/devstorage.read_only",
                      "https://www.googleapis.com/auth/logging.write",
                      "https://www.googleapis.com/auth/monitoring",
                      "https://www.googleapis.com/auth/service.management.readonly",
                      "https://www.googleapis.com/auth/servicecontrol",
                      "https://www.googleapis.com/auth/trace.append"
                    ],
                    "service_account": "default",
                    "shielded_instance_config": [],
                    "upgrade_settings": []
                  }
                ],
                "autoscaling_profile": "OPTIMIZE_UTILIZATION",
                "enabled": true,
                "resource_limits": [
                  {
                    "maximum": 300,
                    "minimum": 2,
                    "resource_type": "cpu"
                  },
                  {
                    "maximum": 2400,
                    "minimum": 4,
                    "resource_type": "memory"
                  }
                ]
              }
            ],
            "cluster_ipv4_cidr": "10.0.0.0/16",
            "cluster_telemetry": [],
            "confidential_nodes": [
              {
                "enabled": false
              }
            ],
            "cost_management_config": [],
            "database_encryption": [
              {
                "key_name": "",
                "state": "DECRYPTED"
              }
            ],
            "datapath_provider": "",
            "default_max_pods_per_node": 110,
            "default_snat_status": [
              {
                "disabled": false
              }
            ],
            "deletion_protection": false,
            "description": "",
            "dns_config": [],
            "enable_autopilot": false,
            "enable_fqdn_network_policy": false,
            "enable_intranode_visibility": false,
            "enable_k8s_beta_apis": [],
            "enable_kubernetes_alpha": false,
            "enable_l4_ilb_subsetting": false,
            "enable_legacy_abac": false,
            "enable_multi_networking": false,
            "enable_shielded_nodes": true,
            "enable_tpu": false,
            "endpoint": "35.226.105.11",
            "gateway_api_config": [],
            "id": "projects/core-trees-404818/locations/us-central1/clusters/pw-k8s",
            "identity_service_config": [],
            "initial_node_count": 1,
            "ip_allocation_policy": [
              {
                "additional_pod_ranges_config": [],
                "cluster_ipv4_cidr_block": "10.0.0.0/16",
                "cluster_secondary_range_name": "gke-pw-k8s-pods-36daaa25",
                "pod_cidr_overprovision_config": [
                  {
                    "disabled": false
                  }
                ],
                "services_ipv4_cidr_block": "10.1.0.0/20",
                "services_secondary_range_name": "gke-pw-k8s-services-36daaa25",
                "stack_type": "IPV4"
              }
            ],
            "label_fingerprint": "a9dc16a7",
            "location": "us-central1",
            "logging_config": [
              {
                "enable_components": [
                  "SYSTEM_COMPONENTS",
                  "WORKLOADS"
                ]
              }
            ],
            "logging_service": "logging.googleapis.com/kubernetes",
            "maintenance_policy": [
              {
                "daily_maintenance_window": [
                  {
                    "duration": "PT4H0M0S",
                    "start_time": "03:00"
                  }
                ],
                "maintenance_exclusion": [],
                "recurring_window": []
              }
            ],
            "master_auth": [
              {
                "client_certificate": "",
                "client_certificate_config": [
                  {
                    "issue_client_certificate": false
                  }
                ],
                "client_key": "",
                "cluster_ca_certificate": "LS0tLS1CRUdJTiBDRVJUSUZJQ0FURS0tLS0tCk1JSUVMVENDQXBXZ0F3SUJBZ0lSQUpaL2s1VXQxcmdHMU9pZjNhRWk1aVF3RFFZSktvWklodmNOQVFFTEJRQXcKTHpFdE1Dc0dBMVVFQXhNa1lXVXpZV1U1WW1RdE1tSTNZeTAwT0RZeExXSmtNalF0T0RFMllXUTRNRFF5WlRsawpNQ0FYRFRJek1URXhNekF4TlRReU1sb1lEekl3TlRNeE1UQTFNREkxTkRJeVdqQXZNUzB3S3dZRFZRUURFeVJoClpUTmhaVGxpWkMweVlqZGpMVFE0TmpFdFltUXlOQzA0TVRaaFpEZ3dOREpsT1dRd2dnR2lNQTBHQ1NxR1NJYjMKRFFFQkFRVUFBNElCandBd2dnR0tBb0lCZ1FEQUNhanpXWWYzb2E4ZS9Ba0QrRS9YREozb1Y3aGdrSTBUZHJ6dQpTSGFhVkRPU0tCWFVUbDdPdnA0eVJKclZSVWVMWU9KMWIwTHVwbFJjRWtzVHBTaTlOTU9ZYWZ2bXlhbmlDdHo3CjBtY1QyYnFPZWN4NGViVDFLdDNTMHhzUStnYm9DcVJyYUVoTVlvUUNOOHlvRjh6enZGekFRUnd5UmxRNnhxTDkKWnhaLzB3aytpSkcyY3dCZWYwS0ZZYkRqaHR0a1ltdGZ6V0pYdU80NkhycTIzdFpBS2o0VVU3aXQ2N3I3V0RsWQp0TlFLT2RWZUhZR3VSU2hCOTVTNDZKdC95a3BzZSszdkcyRzVMcGlrb3hjWDBtSDJYa3ZYTG1ZbkM5T3lpWmJqCjI2a015dzAzZFVZeUh4dGtycVN6R1plYWNCY3N4eWdqOXIxZzB3NzNoak1CbUo5R3h4Nk5FTlI3WUZPdkdOT1UKcWk4dnhpc1RFVlhTY0lOVndxbllidUc3a2pWZTFLMk9rLzJCbTBhK1VVZXJibkdrclQyWm5pQ1ErL1diOHJIdgpBcWdyVGU5OUtYYit6Sis3L2dCYzlZMnVQOU9PV3JMc09jOVZNTkJYV3oxRTRMMml3cDF0RnNTWlA5T2Q5ajIvCkRBRFIwV3E3WG8xWlFiTnFyV2JQelBkMHlWY0NBd0VBQWFOQ01FQXdEZ1lEVlIwUEFRSC9CQVFEQWdJRU1BOEcKQTFVZEV3RUIvd1FGTUFNQkFmOHdIUVlEVlIwT0JCWUVGRlp4U2RsTGtCZk5yZ0pQNm1RK3VodlZnQXJXTUEwRwpDU3FHU0liM0RRRUJDd1VBQTRJQmdRQlN0RjBkWEhIZWRaOWtzRkE4SHZOZkRYL0FkZWZ4Umd3bjJLVE11Ynh1CkpHbUNQbFNHcHRXZnowYUE1VXVjN054ZWFMeVhKRlFzaXZsUWdaU0oyYk9UNGp6SGttSEErUDI2VlQyUllrbUQKdldIV3l0cWtBNHZtRVJwVUg1eXJyTjhlUkJjZHdSTldmR2xNRTA4ZWNTNUtwbjdPTjBPK3VMdHpKUFhkOHRqYwp2K1F0Q2liOStKMlhFSEFNSzBMM3Y4eUpGSVloTlVyRlNtTlVMcFJXTDdaN2laeUFSdkhKcW0weURJUDc0b25PCndYM0lMTlFVaWxjck9hNVBvWm9nU1ZMbWY4eEJpd1crRWJGMmxEYk0ydnZGQkhZWnl6Q1BmdW1DYTVtOGtxVzUKNGwxOWk5T1hiV0hLbXVucUVHMGw4MTZCbXV4WUhBOHQ2aG91NFJVK2MvNjJVZ3l6UXU1SUhkd3dqVGo2QWR0VgpCMExmZU5OOTBzVnc3ck15K1RoVWFGRHY0QnZVRkIrNXFPTjNZQWdOWEtJUWVpS3YwelhZamxweE96a3E4L3B6CmtYeUExK0RoTExaaVUrY1Y1WTRRRkpWSDg3am4yLzJQYytnQ3BudGxwNlpEcnV4UkRmWlRSOE5KRWM3bjhSVjUKV1FFdjVzSGV1WVlJQkJtWVg5bStya1U9Ci0tLS0tRU5EIENFUlRJRklDQVRFLS0tLS0K"
              }
            ],
            "master_authorized_networks_config": [
              {
                "cidr_blocks": [
                  {
                    "cidr_block": "50.223.50.163/32",
                    "display_name": "allowed-cidr"
                  }
                ],
                "gcp_public_cidrs_access_enabled": false
              }
            ],
            "master_version": "1.27.3-gke.100",
            "mesh_certificates": [],
            "min_master_version": null,
            "monitoring_config": [
              {
                "advanced_datapath_observability_config": [
                  {
                    "enable_metrics": false,
                    "relay_mode": "DISABLED"
                  }
                ],
                "enable_components": [],
                "managed_prometheus": [
                  {
                    "enabled": false
                  }
                ]
              }
            ],
            "monitoring_service": "none",
            "name": "pw-k8s",
            "network": "projects/core-trees-404818/global/networks/pw-k8s-k8s-vpc",
            "network_policy": [
              {
                "enabled": false,
                "provider": "PROVIDER_UNSPECIFIED"
              }
            ],
            "networking_mode": "VPC_NATIVE",
            "node_config": [
              {
                "advanced_machine_features": [],
                "boot_disk_kms_key": "",
                "confidential_nodes": [],
                "disk_size_gb": 10,
                "disk_type": "pd-balanced",
                "effective_taints": [],
                "enable_confidential_storage": false,
                "ephemeral_storage_config": [],
                "ephemeral_storage_local_ssd_config": [],
                "fast_socket": [],
                "gcfs_config": [],
                "guest_accelerator": [],
                "gvnic": [],
                "host_maintenance_policy": [],
                "image_type": "COS_CONTAINERD",
                "kubelet_config": [],
                "labels": {
                  "mesh_id": "proj-core-trees-404818"
                },
                "linux_node_config": [],
                "local_nvme_ssd_block_config": [],
                "local_ssd_count": 0,
                "logging_variant": "DEFAULT",
                "machine_type": "e2-medium",
                "metadata": {
                  "disable-legacy-endpoints": "true"
                },
                "min_cpu_platform": "",
                "node_group": "",
                "oauth_scopes": [
                  "https://www.googleapis.com/auth/devstorage.read_only",
                  "https://www.googleapis.com/auth/logging.write",
                  "https://www.googleapis.com/auth/monitoring",
                  "https://www.googleapis.com/auth/service.management.readonly",
                  "https://www.googleapis.com/auth/servicecontrol",
                  "https://www.googleapis.com/auth/trace.append"
                ],
                "preemptible": true,
                "reservation_affinity": [],
                "resource_labels": {},
                "sandbox_config": [],
                "service_account": "pw-k8s-gke-sa@core-trees-404818.iam.gserviceaccount.com",
                "shielded_instance_config": [
                  {
                    "enable_integrity_monitoring": true,
                    "enable_secure_boot": false
                  }
                ],
                "sole_tenant_config": [],
                "spot": false,
                "tags": [],
                "taint": [],
                "workload_metadata_config": [
                  {
                    "mode": "GKE_METADATA"
                  }
                ]
              }
            ],
            "node_locations": [
              "us-central1-a",
              "us-central1-b",
              "us-central1-c",
              "us-central1-f"
            ],
            "node_pool": [
              {
                "autoscaling": [
                  {
                    "location_policy": "ANY",
                    "max_node_count": 8,
                    "min_node_count": 1,
                    "total_max_node_count": 0,
                    "total_min_node_count": 0
                  }
                ],
                "initial_node_count": 1,
                "instance_group_urls": [
                  "https://www.googleapis.com/compute/v1/projects/core-trees-404818/zones/us-central1-a/instanceGroupManagers/gke-pw-k8s-preempt-pool-3597501d-grp",
                  "https://www.googleapis.com/compute/v1/projects/core-trees-404818/zones/us-central1-b/instanceGroupManagers/gke-pw-k8s-preempt-pool-fefb0cfd-grp",
                  "https://www.googleapis.com/compute/v1/projects/core-trees-404818/zones/us-central1-c/instanceGroupManagers/gke-pw-k8s-preempt-pool-8a0a0abe-grp",
                  "https://www.googleapis.com/compute/v1/projects/core-trees-404818/zones/us-central1-f/instanceGroupManagers/gke-pw-k8s-preempt-pool-2fb044ed-grp"
                ],
                "managed_instance_group_urls": [
                  "https://www.googleapis.com/compute/beta/projects/core-trees-404818/zones/us-central1-a/instanceGroups/gke-pw-k8s-preempt-pool-3597501d-grp",
                  "https://www.googleapis.com/compute/beta/projects/core-trees-404818/zones/us-central1-b/instanceGroups/gke-pw-k8s-preempt-pool-fefb0cfd-grp",
                  "https://www.googleapis.com/compute/beta/projects/core-trees-404818/zones/us-central1-c/instanceGroups/gke-pw-k8s-preempt-pool-8a0a0abe-grp",
                  "https://www.googleapis.com/compute/beta/projects/core-trees-404818/zones/us-central1-f/instanceGroups/gke-pw-k8s-preempt-pool-2fb044ed-grp"
                ],
                "management": [
                  {
                    "auto_repair": true,
                    "auto_upgrade": true
                  }
                ],
                "max_pods_per_node": 110,
                "name": "preempt-pool",
                "name_prefix": "",
                "network_config": [
                  {
                    "additional_node_network_configs": [],
                    "additional_pod_network_configs": [],
                    "create_pod_range": false,
                    "enable_private_nodes": false,
                    "pod_cidr_overprovision_config": [],
                    "pod_ipv4_cidr_block": "10.0.0.0/16",
                    "pod_range": "gke-pw-k8s-pods-36daaa25"
                  }
                ],
                "node_config": [
                  {
                    "advanced_machine_features": [],
                    "boot_disk_kms_key": "",
                    "confidential_nodes": [],
                    "disk_size_gb": 10,
                    "disk_type": "pd-balanced",
                    "effective_taints": [],
                    "enable_confidential_storage": false,
                    "ephemeral_storage_config": [],
                    "ephemeral_storage_local_ssd_config": [],
                    "fast_socket": [],
                    "gcfs_config": [],
                    "guest_accelerator": [],
                    "gvnic": [],
                    "host_maintenance_policy": [],
                    "image_type": "COS_CONTAINERD",
                    "kubelet_config": [],
                    "labels": {
                      "mesh_id": "proj-core-trees-404818"
                    },
                    "linux_node_config": [],
                    "local_nvme_ssd_block_config": [],
                    "local_ssd_count": 0,
                    "logging_variant": "DEFAULT",
                    "machine_type": "e2-medium",
                    "metadata": {
                      "disable-legacy-endpoints": "true"
                    },
                    "min_cpu_platform": "",
                    "node_group": "",
                    "oauth_scopes": [
                      "https://www.googleapis.com/auth/devstorage.read_only",
                      "https://www.googleapis.com/auth/logging.write",
                      "https://www.googleapis.com/auth/monitoring",
                      "https://www.googleapis.com/auth/service.management.readonly",
                      "https://www.googleapis.com/auth/servicecontrol",
                      "https://www.googleapis.com/auth/trace.append"
                    ],
                    "preemptible": true,
                    "reservation_affinity": [],
                    "resource_labels": {},
                    "sandbox_config": [],
                    "service_account": "pw-k8s-gke-sa@core-trees-404818.iam.gserviceaccount.com",
                    "shielded_instance_config": [
                      {
                        "enable_integrity_monitoring": true,
                        "enable_secure_boot": false
                      }
                    ],
                    "sole_tenant_config": [],
                    "spot": false,
                    "tags": [],
                    "taint": [],
                    "workload_metadata_config": [
                      {
                        "mode": "GKE_METADATA"
                      }
                    ]
                  }
                ],
                "node_count": 1,
                "node_locations": [
                  "us-central1-a",
                  "us-central1-b",
                  "us-central1-c",
                  "us-central1-f"
                ],
                "placement_policy": [],
                "upgrade_settings": [
                  {
                    "blue_green_settings": [],
                    "max_surge": 1,
                    "max_unavailable": 0,
                    "strategy": "SURGE"
                  }
                ],
                "version": "1.27.3-gke.100"
              }
            ],
            "node_pool_auto_config": [],
            "node_pool_defaults": [
              {
                "node_config_defaults": [
                  {
                    "gcfs_config": [],
                    "logging_variant": "DEFAULT"
                  }
                ]
              }
            ],
            "node_version": "1.27.3-gke.100",
            "notification_config": [
              {
                "pubsub": [
                  {
                    "enabled": false,
                    "filter": [],
                    "topic": ""
                  }
                ]
              }
            ],
            "operation": null,
            "pod_security_policy_config": [
              {
                "enabled": false
              }
            ],
            "private_cluster_config": [
              {
                "enable_private_endpoint": false,
                "enable_private_nodes": true,
                "master_global_access_config": [
                  {
                    "enabled": false
                  }
                ],
                "master_ipv4_cidr_block": "192.168.69.0/28",
                "peering_name": "gke-nbc286759ed370376754-8843-fd6e-peer",
                "private_endpoint": "192.168.69.2",
                "private_endpoint_subnetwork": "",
                "public_endpoint": "35.226.105.11"
              }
            ],
            "private_ipv6_google_access": "",
            "project": "core-trees-404818",
            "protect_config": [
              {
                "workload_config": [
                  {
                    "audit_mode": "BASIC"
                  }
                ],
                "workload_vulnerability_mode": "WORKLOAD_VULNERABILITY_MODE_UNSPECIFIED"
              }
            ],
            "release_channel": [
              {
                "channel": "UNSPECIFIED"
              }
            ],
            "remove_default_node_pool": true,
            "resource_labels": {},
            "resource_usage_export_config": [],
            "security_posture_config": [
              {
                "mode": "BASIC",
                "vulnerability_mode": "VULNERABILITY_MODE_UNSPECIFIED"
              }
            ],
            "self_link": "https://container.googleapis.com/v1beta1/projects/core-trees-404818/locations/us-central1/clusters/pw-k8s",
            "service_external_ips_config": [
              {
                "enabled": false
              }
            ],
            "services_ipv4_cidr": "10.1.0.0/20",
            "subnetwork": "projects/core-trees-404818/regions/us-central1/subnetworks/pw-k8s-subnet",
            "timeouts": null,
            "tpu_config": [],
            "tpu_ipv4_cidr_block": "",
            "vertical_pod_autoscaling": [],
            "workload_identity_config": [
              {
                "workload_pool": "core-trees-404818.svc.id.goog"
              }
            ]
          },
          "sensitive_attributes": [],
          "private": "eyJlMmJmYjczMC1lY2FhLTExZTYtOGY4OC0zNDM2M2JjN2M0YzAiOnsiY3JlYXRlIjoyNDAwMDAwMDAwMDAwLCJkZWxldGUiOjI0MDAwMDAwMDAwMDAsInJlYWQiOjI0MDAwMDAwMDAwMDAsInVwZGF0ZSI6MzYwMDAwMDAwMDAwMH0sInNjaGVtYV92ZXJzaW9uIjoiMiJ9",
          "dependencies": [
            "google_compute_network.k8s_vpc",
            "google_compute_subnetwork.k8s_subnet"
          ]
        }
      ]
    },
    {
      "mode": "managed",
      "type": "google_container_node_pool",
      "name": "primary_preemptible_nodes",
      "provider": "provider[\"registry.terraform.io/hashicorp/google\"]",
      "instances": [
        {
          "schema_version": 1,
          "attributes": {
            "autoscaling": [
              {
                "location_policy": "ANY",
                "max_node_count": 8,
                "min_node_count": 1,
                "total_max_node_count": 0,
                "total_min_node_count": 0
              }
            ],
            "cluster": "projects/core-trees-404818/locations/us-central1/clusters/pw-k8s",
            "id": "projects/core-trees-404818/locations/us-central1/clusters/pw-k8s/nodePools/preempt-pool",
            "initial_node_count": 1,
            "instance_group_urls": [
              "https://www.googleapis.com/compute/v1/projects/core-trees-404818/zones/us-central1-a/instanceGroupManagers/gke-pw-k8s-preempt-pool-3597501d-grp",
              "https://www.googleapis.com/compute/v1/projects/core-trees-404818/zones/us-central1-b/instanceGroupManagers/gke-pw-k8s-preempt-pool-fefb0cfd-grp",
              "https://www.googleapis.com/compute/v1/projects/core-trees-404818/zones/us-central1-c/instanceGroupManagers/gke-pw-k8s-preempt-pool-8a0a0abe-grp",
              "https://www.googleapis.com/compute/v1/projects/core-trees-404818/zones/us-central1-f/instanceGroupManagers/gke-pw-k8s-preempt-pool-2fb044ed-grp"
            ],
            "location": "us-central1",
            "managed_instance_group_urls": [
              "https://www.googleapis.com/compute/v1/projects/core-trees-404818/zones/us-central1-a/instanceGroups/gke-pw-k8s-preempt-pool-3597501d-grp",
              "https://www.googleapis.com/compute/v1/projects/core-trees-404818/zones/us-central1-b/instanceGroups/gke-pw-k8s-preempt-pool-fefb0cfd-grp",
              "https://www.googleapis.com/compute/v1/projects/core-trees-404818/zones/us-central1-c/instanceGroups/gke-pw-k8s-preempt-pool-8a0a0abe-grp",
              "https://www.googleapis.com/compute/v1/projects/core-trees-404818/zones/us-central1-f/instanceGroups/gke-pw-k8s-preempt-pool-2fb044ed-grp"
            ],
            "management": [
              {
                "auto_repair": true,
                "auto_upgrade": true
              }
            ],
            "max_pods_per_node": 110,
            "name": "preempt-pool",
            "name_prefix": "",
            "network_config": [
              {
                "create_pod_range": false,
                "enable_private_nodes": false,
                "pod_cidr_overprovision_config": [],
                "pod_ipv4_cidr_block": "10.0.0.0/16",
                "pod_range": "gke-pw-k8s-pods-36daaa25"
              }
            ],
            "node_config": [
              {
                "advanced_machine_features": [],
                "boot_disk_kms_key": "",
                "confidential_nodes": [],
                "disk_size_gb": 10,
                "disk_type": "pd-balanced",
                "effective_taints": [],
                "ephemeral_storage_local_ssd_config": [],
                "fast_socket": [],
                "gcfs_config": [],
                "guest_accelerator": [],
                "gvnic": [],
                "host_maintenance_policy": [],
                "image_type": "COS_CONTAINERD",
                "kubelet_config": [],
                "labels": {
                  "mesh_id": "proj-core-trees-404818"
                },
                "linux_node_config": [],
                "local_nvme_ssd_block_config": [],
                "local_ssd_count": 0,
                "logging_variant": "DEFAULT",
                "machine_type": "e2-medium",
                "metadata": {
                  "disable-legacy-endpoints": "true"
                },
                "min_cpu_platform": "",
                "node_group": "",
                "oauth_scopes": [
                  "https://www.googleapis.com/auth/devstorage.read_only",
                  "https://www.googleapis.com/auth/logging.write",
                  "https://www.googleapis.com/auth/monitoring",
                  "https://www.googleapis.com/auth/service.management.readonly",
                  "https://www.googleapis.com/auth/servicecontrol",
                  "https://www.googleapis.com/auth/trace.append"
                ],
                "preemptible": true,
                "reservation_affinity": [],
                "resource_labels": {},
                "service_account": "pw-k8s-gke-sa@core-trees-404818.iam.gserviceaccount.com",
                "shielded_instance_config": [
                  {
                    "enable_integrity_monitoring": true,
                    "enable_secure_boot": false
                  }
                ],
                "sole_tenant_config": [],
                "spot": false,
                "tags": [],
                "taint": [],
                "workload_metadata_config": [
                  {
                    "mode": "GKE_METADATA"
                  }
                ]
              }
            ],
            "node_count": 1,
            "node_locations": [
              "us-central1-a",
              "us-central1-b",
              "us-central1-c",
              "us-central1-f"
            ],
            "operation": null,
            "placement_policy": [],
            "project": "core-trees-404818",
            "timeouts": null,
            "upgrade_settings": [
              {
                "blue_green_settings": [],
                "max_surge": 1,
                "max_unavailable": 0,
                "strategy": "SURGE"
              }
            ],
            "version": "1.27.3-gke.100"
          },
          "sensitive_attributes": [],
          "private": "eyJlMmJmYjczMC1lY2FhLTExZTYtOGY4OC0zNDM2M2JjN2M0YzAiOnsiY3JlYXRlIjoxODAwMDAwMDAwMDAwLCJkZWxldGUiOjE4MDAwMDAwMDAwMDAsInVwZGF0ZSI6MTgwMDAwMDAwMDAwMH0sInNjaGVtYV92ZXJzaW9uIjoiMSJ9",
          "dependencies": [
            "google_compute_network.k8s_vpc",
            "google_compute_subnetwork.k8s_subnet",
            "google_container_cluster.primary",
            "google_service_account.gke_sa"
          ]
        }
      ]
    },
    {
      "mode": "managed",
      "type": "google_service_account",
      "name": "gke_sa",
      "provider": "provider[\"registry.terraform.io/hashicorp/google\"]",
      "instances": [
        {
          "schema_version": 0,
          "attributes": {
            "account_id": "pw-k8s-gke-sa",
            "description": "",
            "disabled": false,
            "display_name": "Custom GKE service account",
            "email": "pw-k8s-gke-sa@core-trees-404818.iam.gserviceaccount.com",
            "id": "projects/core-trees-404818/serviceAccounts/pw-k8s-gke-sa@core-trees-404818.iam.gserviceaccount.com",
            "member": "serviceAccount:pw-k8s-gke-sa@core-trees-404818.iam.gserviceaccount.com",
            "name": "projects/core-trees-404818/serviceAccounts/pw-k8s-gke-sa@core-trees-404818.iam.gserviceaccount.com",
            "project": "core-trees-404818",
            "timeouts": null,
            "unique_id": "111645762429513258369"
          },
          "sensitive_attributes": [],
          "private": "eyJlMmJmYjczMC1lY2FhLTExZTYtOGY4OC0zNDM2M2JjN2M0YzAiOnsiY3JlYXRlIjozMDAwMDAwMDAwMDB9fQ=="
        }
      ]
    },
    {
      "mode": "managed",
      "type": "null_resource",
      "name": "hubble_relay_destroy",
      "provider": "provider[\"registry.terraform.io/hashicorp/null\"]",
      "instances": [
        {
          "schema_version": 0,
          "attributes": {
            "id": "5795405466452221371",
            "triggers": {
              "cluster_name": "pw-k8s",
              "location": "us-central1",
              "project_id": "core-trees-404818"
            }
          },
          "sensitive_attributes": [],
          "dependencies": [
            "google_compute_network.k8s_vpc",
            "google_compute_subnetwork.k8s_subnet",
            "google_container_cluster.primary",
            "google_container_node_pool.primary_preemptible_nodes",
            "google_service_account.gke_sa"
          ]
        }
      ]
    }
  ],
  "check_results": null
}
