{
  "version": 4,
  "terraform_version": "1.6.3",
  "serial": 51,
  "lineage": "1cab9a4b-41a7-693c-9806-e79a25339abe",
  "outputs": {
    "connection_string": {
      "value": "gcloud container clusters get-credentials pw-k8s --zone us-central1-c --project core-trees-404818",
      "type": "string"
    },
    "create_iap_tunnel": {
      "value": "N/A - private cluster not enabled",
      "type": "string"
    },
    "enable_disable_hubble": {
      "value": "Currently disabled. To enable: gcloud container clusters update pw-k8s --dataplane-v2-observability-mode=INTERNAL_VPC_LB --zone us-central1-c --project core-trees-404818",
      "type": "string"
    },
    "enable_workload_identity_on_node_pool": {
      "value": "N/A - Workload Identity already enabled",
      "type": "string"
    }
  },
  "resources": [
    {
      "mode": "data",
      "type": "google_netblock_ip_ranges",
      "name": "health-checkers",
      "provider": "provider[\"registry.terraform.io/hashicorp/google\"]",
      "instances": [
        {
          "schema_version": 0,
          "attributes": {
            "cidr_blocks": [
              "35.191.0.0/16",
              "130.211.0.0/22"
            ],
            "cidr_blocks_ipv4": [
              "35.191.0.0/16",
              "130.211.0.0/22"
            ],
            "cidr_blocks_ipv6": null,
            "id": "netblock-ip-ranges-health-checkers",
            "range_type": "health-checkers"
          },
          "sensitive_attributes": []
        }
      ]
    },
    {
      "mode": "data",
      "type": "google_netblock_ip_ranges",
      "name": "iap-forwarders",
      "provider": "provider[\"registry.terraform.io/hashicorp/google\"]",
      "instances": [
        {
          "schema_version": 0,
          "attributes": {
            "cidr_blocks": [
              "35.235.240.0/20"
            ],
            "cidr_blocks_ipv4": [
              "35.235.240.0/20"
            ],
            "cidr_blocks_ipv6": null,
            "id": "netblock-ip-ranges-iap-forwarders",
            "range_type": "iap-forwarders"
          },
          "sensitive_attributes": []
        }
      ]
    },
    {
      "mode": "managed",
      "type": "google_project_iam_member",
      "name": "gke_sa_iam_member",
      "provider": "provider[\"registry.terraform.io/hashicorp/google\"]",
      "instances": [
        {
          "index_key": 0,
          "schema_version": 0,
          "attributes": {
            "condition": [],
            "etag": "BwYJ7K0WU6M=",
            "id": "core-trees-404818/roles/container.nodeServiceAccount/serviceAccount:pw-k8s-gke-sa@core-trees-404818.iam.gserviceaccount.com",
            "member": "serviceAccount:pw-k8s-gke-sa@core-trees-404818.iam.gserviceaccount.com",
            "project": "core-trees-404818",
            "role": "roles/container.nodeServiceAccount"
          },
          "sensitive_attributes": [],
          "private": "bnVsbA==",
          "dependencies": [
            "google_service_account.gke_sa"
          ]
        }
      ]
    },
    {
      "mode": "managed",
      "type": "google_project_iam_member",
      "name": "wi_gsa_iam_member",
      "provider": "provider[\"registry.terraform.io/hashicorp/google\"]",
      "instances": [
        {
          "index_key": 0,
          "schema_version": 0,
          "attributes": {
            "condition": [],
            "etag": "BwYJ7K0WU6M=",
            "id": "core-trees-404818/roles/clouddebugger.agent/serviceAccount:simple-wi-gsa@core-trees-404818.iam.gserviceaccount.com",
            "member": "serviceAccount:simple-wi-gsa@core-trees-404818.iam.gserviceaccount.com",
            "project": "core-trees-404818",
            "role": "roles/clouddebugger.agent"
          },
          "sensitive_attributes": [],
          "private": "bnVsbA==",
          "dependencies": [
            "google_service_account.wi_gsa"
          ]
        },
        {
          "index_key": 1,
          "schema_version": 0,
          "attributes": {
            "condition": [],
            "etag": "BwYJ7K0WU6M=",
            "id": "core-trees-404818/roles/cloudprofiler.agent/serviceAccount:simple-wi-gsa@core-trees-404818.iam.gserviceaccount.com",
            "member": "serviceAccount:simple-wi-gsa@core-trees-404818.iam.gserviceaccount.com",
            "project": "core-trees-404818",
            "role": "roles/cloudprofiler.agent"
          },
          "sensitive_attributes": [],
          "private": "bnVsbA==",
          "dependencies": [
            "google_service_account.wi_gsa"
          ]
        },
        {
          "index_key": 2,
          "schema_version": 0,
          "attributes": {
            "condition": [],
            "etag": "BwYJ7K0WU6M=",
            "id": "core-trees-404818/roles/cloudtrace.agent/serviceAccount:simple-wi-gsa@core-trees-404818.iam.gserviceaccount.com",
            "member": "serviceAccount:simple-wi-gsa@core-trees-404818.iam.gserviceaccount.com",
            "project": "core-trees-404818",
            "role": "roles/cloudtrace.agent"
          },
          "sensitive_attributes": [],
          "private": "bnVsbA==",
          "dependencies": [
            "google_service_account.wi_gsa"
          ]
        },
        {
          "index_key": 3,
          "schema_version": 0,
          "attributes": {
            "condition": [],
            "etag": "BwYJ7K0WU6M=",
            "id": "core-trees-404818/roles/monitoring.metricWriter/serviceAccount:simple-wi-gsa@core-trees-404818.iam.gserviceaccount.com",
            "member": "serviceAccount:simple-wi-gsa@core-trees-404818.iam.gserviceaccount.com",
            "project": "core-trees-404818",
            "role": "roles/monitoring.metricWriter"
          },
          "sensitive_attributes": [],
          "private": "bnVsbA==",
          "dependencies": [
            "google_service_account.wi_gsa"
          ]
        }
      ]
    },
    {
      "mode": "managed",
      "type": "google_service_account",
      "name": "gke_sa",
      "provider": "provider[\"registry.terraform.io/hashicorp/google\"]",
      "instances": [
        {
          "schema_version": 0,
          "attributes": {
            "account_id": "pw-k8s-gke-sa",
            "description": "",
            "disabled": false,
            "display_name": "Custom GKE service account",
            "email": "pw-k8s-gke-sa@core-trees-404818.iam.gserviceaccount.com",
            "id": "projects/core-trees-404818/serviceAccounts/pw-k8s-gke-sa@core-trees-404818.iam.gserviceaccount.com",
            "member": "serviceAccount:pw-k8s-gke-sa@core-trees-404818.iam.gserviceaccount.com",
            "name": "projects/core-trees-404818/serviceAccounts/pw-k8s-gke-sa@core-trees-404818.iam.gserviceaccount.com",
            "project": "core-trees-404818",
            "timeouts": null,
            "unique_id": "108003439302632273171"
          },
          "sensitive_attributes": [],
          "private": "eyJlMmJmYjczMC1lY2FhLTExZTYtOGY4OC0zNDM2M2JjN2M0YzAiOnsiY3JlYXRlIjozMDAwMDAwMDAwMDB9fQ=="
        }
      ]
    },
    {
      "mode": "managed",
      "type": "google_service_account",
      "name": "wi_gsa",
      "provider": "provider[\"registry.terraform.io/hashicorp/google\"]",
      "instances": [
        {
          "schema_version": 0,
          "attributes": {
            "account_id": "simple-wi-gsa",
            "description": "",
            "disabled": false,
            "display_name": "Workload Identity Google service account",
            "email": "simple-wi-gsa@core-trees-404818.iam.gserviceaccount.com",
            "id": "projects/core-trees-404818/serviceAccounts/simple-wi-gsa@core-trees-404818.iam.gserviceaccount.com",
            "member": "serviceAccount:simple-wi-gsa@core-trees-404818.iam.gserviceaccount.com",
            "name": "projects/core-trees-404818/serviceAccounts/simple-wi-gsa@core-trees-404818.iam.gserviceaccount.com",
            "project": "core-trees-404818",
            "timeouts": null,
            "unique_id": "117786730387054300938"
          },
          "sensitive_attributes": [],
          "private": "eyJlMmJmYjczMC1lY2FhLTExZTYtOGY4OC0zNDM2M2JjN2M0YzAiOnsiY3JlYXRlIjozMDAwMDAwMDAwMDB9fQ=="
        }
      ]
    }
  ],
  "check_results": null
}
