{
  "version": 4,
  "terraform_version": "1.6.3",
  "serial": 88,
  "lineage": "1cab9a4b-41a7-693c-9806-e79a25339abe",
  "outputs": {
    "connection_string": {
      "value": "gcloud container clusters get-credentials pw-k8s --zone us-central1-c --project core-trees-404818 --internal-ip",
      "type": "string"
    },
    "create_iap_tunnel": {
      "value": "gcloud compute ssh gke-iap-proxy --zone us-central1-c --project core-trees-404818 -- -L 8888:localhost:8888 -N -q -f",
      "type": "string"
    },
    "enable_disable_hubble": {
      "value": "Currently disabled. To enable: gcloud container clusters update pw-k8s --dataplane-v2-observability-mode=INTERNAL_VPC_LB --zone us-central1-c --project core-trees-404818",
      "type": "string"
    },
    "enable_workload_identity_on_node_pool": {
      "value": "N/A - Workload Identity already enabled",
      "type": "string"
    }
  },
  "resources": [
    {
      "mode": "data",
      "type": "google_netblock_ip_ranges",
      "name": "health-checkers",
      "provider": "provider[\"registry.terraform.io/hashicorp/google\"]",
      "instances": [
        {
          "schema_version": 0,
          "attributes": {
            "cidr_blocks": [
              "35.191.0.0/16",
              "130.211.0.0/22"
            ],
            "cidr_blocks_ipv4": [
              "35.191.0.0/16",
              "130.211.0.0/22"
            ],
            "cidr_blocks_ipv6": null,
            "id": "netblock-ip-ranges-health-checkers",
            "range_type": "health-checkers"
          },
          "sensitive_attributes": []
        }
      ]
    },
    {
      "mode": "data",
      "type": "google_netblock_ip_ranges",
      "name": "iap-forwarders",
      "provider": "provider[\"registry.terraform.io/hashicorp/google\"]",
      "instances": [
        {
          "schema_version": 0,
          "attributes": {
            "cidr_blocks": [
              "35.235.240.0/20"
            ],
            "cidr_blocks_ipv4": [
              "35.235.240.0/20"
            ],
            "cidr_blocks_ipv6": null,
            "id": "netblock-ip-ranges-iap-forwarders",
            "range_type": "iap-forwarders"
          },
          "sensitive_attributes": []
        }
      ]
    },
    {
      "mode": "managed",
      "type": "google_compute_firewall",
      "name": "iap_tcp_forwarding",
      "provider": "provider[\"registry.terraform.io/hashicorp/google\"]",
      "instances": [
        {
          "index_key": 0,
          "schema_version": 1,
          "attributes": {
            "allow": [
              {
                "ports": [
                  "22",
                  "8888"
                ],
                "protocol": "tcp"
              }
            ],
            "creation_timestamp": "2023-11-11T22:57:48.805-08:00",
            "deny": [],
            "description": "",
            "destination_ranges": [],
            "direction": "INGRESS",
            "disabled": false,
            "enable_logging": null,
            "id": "projects/core-trees-404818/global/firewalls/allow-ingress-from-iap",
            "log_config": [],
            "name": "allow-ingress-from-iap",
            "network": "https://www.googleapis.com/compute/v1/projects/core-trees-404818/global/networks/pw-k8s-k8s-vpc",
            "priority": 1000,
            "project": "core-trees-404818",
            "self_link": "https://www.googleapis.com/compute/v1/projects/core-trees-404818/global/firewalls/allow-ingress-from-iap",
            "source_ranges": [
              "35.235.240.0/20"
            ],
            "source_service_accounts": null,
            "source_tags": null,
            "target_service_accounts": null,
            "target_tags": [
              "iap"
            ],
            "timeouts": null
          },
          "sensitive_attributes": [],
          "private": "eyJlMmJmYjczMC1lY2FhLTExZTYtOGY4OC0zNDM2M2JjN2M0YzAiOnsiY3JlYXRlIjoxMjAwMDAwMDAwMDAwLCJkZWxldGUiOjEyMDAwMDAwMDAwMDAsInVwZGF0ZSI6MTIwMDAwMDAwMDAwMH0sInNjaGVtYV92ZXJzaW9uIjoiMSJ9",
          "dependencies": [
            "data.google_netblock_ip_ranges.iap-forwarders",
            "google_compute_network.k8s_vpc"
          ]
        }
      ]
    },
    {
      "mode": "managed",
      "type": "google_compute_firewall",
      "name": "lb_health_check",
      "provider": "provider[\"registry.terraform.io/hashicorp/google\"]",
      "instances": [
        {
          "schema_version": 1,
          "attributes": {
            "allow": [
              {
                "ports": [],
                "protocol": "tcp"
              }
            ],
            "creation_timestamp": "2023-11-11T20:08:33.844-08:00",
            "deny": [],
            "description": "Allow health checks from GCP LBs",
            "destination_ranges": [],
            "direction": "INGRESS",
            "disabled": false,
            "enable_logging": null,
            "id": "projects/core-trees-404818/global/firewalls/allow-health-check",
            "log_config": [],
            "name": "allow-health-check",
            "network": "https://www.googleapis.com/compute/v1/projects/core-trees-404818/global/networks/pw-k8s-k8s-vpc",
            "priority": 1000,
            "project": "core-trees-404818",
            "self_link": "https://www.googleapis.com/compute/v1/projects/core-trees-404818/global/firewalls/allow-health-check",
            "source_ranges": [
              "130.211.0.0/22",
              "35.191.0.0/16"
            ],
            "source_service_accounts": [],
            "source_tags": [],
            "target_service_accounts": [],
            "target_tags": [],
            "timeouts": null
          },
          "sensitive_attributes": [],
          "private": "eyJlMmJmYjczMC1lY2FhLTExZTYtOGY4OC0zNDM2M2JjN2M0YzAiOnsiY3JlYXRlIjoxMjAwMDAwMDAwMDAwLCJkZWxldGUiOjEyMDAwMDAwMDAwMDAsInVwZGF0ZSI6MTIwMDAwMDAwMDAwMH0sInNjaGVtYV92ZXJzaW9uIjoiMSJ9",
          "dependencies": [
            "data.google_netblock_ip_ranges.health-checkers",
            "google_compute_network.k8s_vpc"
          ]
        }
      ]
    },
    {
      "mode": "managed",
      "type": "google_compute_instance",
      "name": "iap-proxy",
      "provider": "provider[\"registry.terraform.io/hashicorp/google\"]",
      "instances": [
        {
          "index_key": 0,
          "schema_version": 6,
          "attributes": {
            "advanced_machine_features": [],
            "allow_stopping_for_update": null,
            "attached_disk": [],
            "boot_disk": [
              {
                "auto_delete": true,
                "device_name": "persistent-disk-0",
                "disk_encryption_key_raw": "",
                "disk_encryption_key_sha256": "",
                "initialize_params": [
                  {
                    "image": "https://www.googleapis.com/compute/v1/projects/debian-cloud/global/images/debian-11-bullseye-v20231010",
                    "labels": {},
                    "resource_manager_tags": null,
                    "size": 10,
                    "type": "pd-standard"
                  }
                ],
                "kms_key_self_link": "",
                "mode": "READ_WRITE",
                "source": "https://www.googleapis.com/compute/v1/projects/core-trees-404818/zones/us-central1-c/disks/gke-iap-proxy"
              }
            ],
            "can_ip_forward": false,
            "confidential_instance_config": [],
            "cpu_platform": "Intel Broadwell",
            "current_status": "RUNNING",
            "deletion_protection": false,
            "description": "",
            "desired_status": null,
            "effective_labels": {},
            "enable_display": false,
            "guest_accelerator": [],
            "hostname": "",
            "id": "projects/core-trees-404818/zones/us-central1-c/instances/gke-iap-proxy",
            "instance_id": "2236459082716137825",
            "label_fingerprint": "42WmSpB8rSM=",
            "labels": null,
            "machine_type": "e2-micro",
            "metadata": null,
            "metadata_fingerprint": "Y5fzDtLmRfY=",
            "metadata_startup_script": "#! /bin/bash\n\napt update\napt install -y tinyproxy\n\n# https://serverfault.com/questions/1055510/tinyproxy-error-unable-to-connect-to-the-server-access-denied\ngrep -qxF 'Allow localhost' /etc/tinyproxy/tinyproxy.conf || echo 'Allow localhost' \u003e\u003e /etc/tinyproxy/tinyproxy.conf\nsystemctl restart tinyproxy\n",
            "min_cpu_platform": "",
            "name": "gke-iap-proxy",
            "network_interface": [
              {
                "access_config": [],
                "alias_ip_range": [],
                "internal_ipv6_prefix_length": 0,
                "ipv6_access_config": [],
                "ipv6_access_type": "",
                "ipv6_address": "",
                "name": "nic0",
                "network": "https://www.googleapis.com/compute/v1/projects/core-trees-404818/global/networks/pw-k8s-k8s-vpc",
                "network_ip": "192.168.100.2",
                "nic_type": "",
                "queue_count": 0,
                "stack_type": "IPV4_ONLY",
                "subnetwork": "https://www.googleapis.com/compute/v1/projects/core-trees-404818/regions/us-central1/subnetworks/pw-k8s-iap-subnet",
                "subnetwork_project": "core-trees-404818"
              }
            ],
            "network_performance_config": [],
            "params": [],
            "project": "core-trees-404818",
            "reservation_affinity": [],
            "resource_policies": null,
            "scheduling": [
              {
                "automatic_restart": true,
                "instance_termination_action": "",
                "local_ssd_recovery_timeout": [],
                "min_node_cpus": 0,
                "node_affinities": [],
                "on_host_maintenance": "MIGRATE",
                "preemptible": false,
                "provisioning_model": "STANDARD"
              }
            ],
            "scratch_disk": [],
            "self_link": "https://www.googleapis.com/compute/v1/projects/core-trees-404818/zones/us-central1-c/instances/gke-iap-proxy",
            "service_account": [],
            "shielded_instance_config": [
              {
                "enable_integrity_monitoring": true,
                "enable_secure_boot": false,
                "enable_vtpm": true
              }
            ],
            "tags": [
              "iap"
            ],
            "tags_fingerprint": "pHcV0Hjcy9w=",
            "terraform_labels": {},
            "timeouts": null,
            "zone": "us-central1-c"
          },
          "sensitive_attributes": [],
          "private": "eyJlMmJmYjczMC1lY2FhLTExZTYtOGY4OC0zNDM2M2JjN2M0YzAiOnsiY3JlYXRlIjoxMjAwMDAwMDAwMDAwLCJkZWxldGUiOjEyMDAwMDAwMDAwMDAsInVwZGF0ZSI6MTIwMDAwMDAwMDAwMH0sInNjaGVtYV92ZXJzaW9uIjoiNiJ9",
          "dependencies": [
            "google_compute_network.k8s_vpc",
            "google_compute_router.k8s_vpc_router",
            "google_compute_router_nat.k8s_vpc_router_nat",
            "google_compute_subnetwork.iap_subnet"
          ]
        }
      ]
    },
    {
      "mode": "managed",
      "type": "google_compute_network",
      "name": "k8s_vpc",
      "provider": "provider[\"registry.terraform.io/hashicorp/google\"]",
      "instances": [
        {
          "schema_version": 0,
          "attributes": {
            "auto_create_subnetworks": false,
            "delete_default_routes_on_create": false,
            "description": "",
            "enable_ula_internal_ipv6": false,
            "gateway_ipv4": "",
            "id": "projects/core-trees-404818/global/networks/pw-k8s-k8s-vpc",
            "internal_ipv6_range": "",
            "mtu": 0,
            "name": "pw-k8s-k8s-vpc",
            "network_firewall_policy_enforcement_order": "AFTER_CLASSIC_FIREWALL",
            "project": "core-trees-404818",
            "routing_mode": "REGIONAL",
            "self_link": "https://www.googleapis.com/compute/v1/projects/core-trees-404818/global/networks/pw-k8s-k8s-vpc",
            "timeouts": null
          },
          "sensitive_attributes": [],
          "private": "eyJlMmJmYjczMC1lY2FhLTExZTYtOGY4OC0zNDM2M2JjN2M0YzAiOnsiY3JlYXRlIjoxMjAwMDAwMDAwMDAwLCJkZWxldGUiOjEyMDAwMDAwMDAwMDAsInVwZGF0ZSI6MTIwMDAwMDAwMDAwMH19"
        }
      ]
    },
    {
      "mode": "managed",
      "type": "google_compute_router",
      "name": "k8s_vpc_router",
      "provider": "provider[\"registry.terraform.io/hashicorp/google\"]",
      "instances": [
        {
          "index_key": 0,
          "schema_version": 0,
          "attributes": {
            "bgp": [],
            "creation_timestamp": "2023-11-11T22:57:48.814-08:00",
            "description": "",
            "encrypted_interconnect_router": false,
            "id": "projects/core-trees-404818/regions/us-central1/routers/pw-k8s-vpc-router",
            "name": "pw-k8s-vpc-router",
            "network": "https://www.googleapis.com/compute/v1/projects/core-trees-404818/global/networks/pw-k8s-k8s-vpc",
            "project": "core-trees-404818",
            "region": "us-central1",
            "self_link": "https://www.googleapis.com/compute/v1/projects/core-trees-404818/regions/us-central1/routers/pw-k8s-vpc-router",
            "timeouts": null
          },
          "sensitive_attributes": [],
          "private": "eyJlMmJmYjczMC1lY2FhLTExZTYtOGY4OC0zNDM2M2JjN2M0YzAiOnsiY3JlYXRlIjoxMjAwMDAwMDAwMDAwLCJkZWxldGUiOjEyMDAwMDAwMDAwMDAsInVwZGF0ZSI6MTIwMDAwMDAwMDAwMH19",
          "dependencies": [
            "google_compute_network.k8s_vpc"
          ]
        }
      ]
    },
    {
      "mode": "managed",
      "type": "google_compute_router_nat",
      "name": "k8s_vpc_router_nat",
      "provider": "provider[\"registry.terraform.io/hashicorp/google\"]",
      "instances": [
        {
          "index_key": 0,
          "schema_version": 0,
          "attributes": {
            "drain_nat_ips": null,
            "enable_dynamic_port_allocation": false,
            "enable_endpoint_independent_mapping": false,
            "icmp_idle_timeout_sec": 30,
            "id": "core-trees-404818/us-central1/pw-k8s-vpc-router/pw-k8s-vpc-router-nat",
            "log_config": [
              {
                "enable": false,
                "filter": "ERRORS_ONLY"
              }
            ],
            "max_ports_per_vm": 0,
            "min_ports_per_vm": 0,
            "name": "pw-k8s-vpc-router-nat",
            "nat_ip_allocate_option": "AUTO_ONLY",
            "nat_ips": null,
            "project": "core-trees-404818",
            "region": "us-central1",
            "router": "pw-k8s-vpc-router",
            "rules": [],
            "source_subnetwork_ip_ranges_to_nat": "ALL_SUBNETWORKS_ALL_IP_RANGES",
            "subnetwork": [],
            "tcp_established_idle_timeout_sec": 1200,
            "tcp_time_wait_timeout_sec": 120,
            "tcp_transitory_idle_timeout_sec": 30,
            "timeouts": null,
            "udp_idle_timeout_sec": 30
          },
          "sensitive_attributes": [],
          "private": "eyJlMmJmYjczMC1lY2FhLTExZTYtOGY4OC0zNDM2M2JjN2M0YzAiOnsiY3JlYXRlIjoxMjAwMDAwMDAwMDAwLCJkZWxldGUiOjEyMDAwMDAwMDAwMDAsInVwZGF0ZSI6MTIwMDAwMDAwMDAwMH19",
          "dependencies": [
            "google_compute_network.k8s_vpc",
            "google_compute_router.k8s_vpc_router"
          ]
        }
      ]
    },
    {
      "mode": "managed",
      "type": "google_compute_subnetwork",
      "name": "iap_subnet",
      "provider": "provider[\"registry.terraform.io/hashicorp/google\"]",
      "instances": [
        {
          "index_key": 0,
          "schema_version": 0,
          "attributes": {
            "creation_timestamp": "2023-11-11T22:57:48.951-08:00",
            "description": "",
            "external_ipv6_prefix": "",
            "fingerprint": null,
            "gateway_address": "192.168.100.1",
            "id": "projects/core-trees-404818/regions/us-central1/subnetworks/pw-k8s-iap-subnet",
            "internal_ipv6_prefix": "",
            "ip_cidr_range": "192.168.100.0/29",
            "ipv6_access_type": "",
            "ipv6_cidr_range": "",
            "log_config": [],
            "name": "pw-k8s-iap-subnet",
            "network": "https://www.googleapis.com/compute/v1/projects/core-trees-404818/global/networks/pw-k8s-k8s-vpc",
            "private_ip_google_access": true,
            "private_ipv6_google_access": "DISABLE_GOOGLE_ACCESS",
            "project": "core-trees-404818",
            "purpose": "PRIVATE",
            "region": "us-central1",
            "role": "",
            "secondary_ip_range": [],
            "self_link": "https://www.googleapis.com/compute/v1/projects/core-trees-404818/regions/us-central1/subnetworks/pw-k8s-iap-subnet",
            "stack_type": "IPV4_ONLY",
            "timeouts": null
          },
          "sensitive_attributes": [],
          "private": "eyJlMmJmYjczMC1lY2FhLTExZTYtOGY4OC0zNDM2M2JjN2M0YzAiOnsiY3JlYXRlIjoxMjAwMDAwMDAwMDAwLCJkZWxldGUiOjEyMDAwMDAwMDAwMDAsInVwZGF0ZSI6MTIwMDAwMDAwMDAwMH19",
          "dependencies": [
            "google_compute_network.k8s_vpc"
          ]
        }
      ]
    },
    {
      "mode": "managed",
      "type": "google_compute_subnetwork",
      "name": "k8s_subnet",
      "provider": "provider[\"registry.terraform.io/hashicorp/google\"]",
      "instances": [
        {
          "schema_version": 0,
          "attributes": {
            "creation_timestamp": "2023-11-11T20:08:33.705-08:00",
            "description": "",
            "external_ipv6_prefix": "",
            "fingerprint": null,
            "gateway_address": "192.168.0.1",
            "id": "projects/core-trees-404818/regions/us-central1/subnetworks/pw-k8s-subnet",
            "internal_ipv6_prefix": "",
            "ip_cidr_range": "192.168.0.0/24",
            "ipv6_access_type": "",
            "ipv6_cidr_range": "",
            "log_config": [],
            "name": "pw-k8s-subnet",
            "network": "https://www.googleapis.com/compute/v1/projects/core-trees-404818/global/networks/pw-k8s-k8s-vpc",
            "private_ip_google_access": true,
            "private_ipv6_google_access": "DISABLE_GOOGLE_ACCESS",
            "project": "core-trees-404818",
            "purpose": "PRIVATE",
            "region": "us-central1",
            "role": "",
            "secondary_ip_range": [
              {
                "ip_cidr_range": "10.0.0.0/16",
                "range_name": "gke-pw-k8s-pods-bebf5772"
              },
              {
                "ip_cidr_range": "10.1.0.0/20",
                "range_name": "gke-pw-k8s-services-bebf5772"
              }
            ],
            "self_link": "https://www.googleapis.com/compute/v1/projects/core-trees-404818/regions/us-central1/subnetworks/pw-k8s-subnet",
            "stack_type": "IPV4_ONLY",
            "timeouts": null
          },
          "sensitive_attributes": [],
          "private": "eyJlMmJmYjczMC1lY2FhLTExZTYtOGY4OC0zNDM2M2JjN2M0YzAiOnsiY3JlYXRlIjoxMjAwMDAwMDAwMDAwLCJkZWxldGUiOjEyMDAwMDAwMDAwMDAsInVwZGF0ZSI6MTIwMDAwMDAwMDAwMH19",
          "dependencies": [
            "google_compute_network.k8s_vpc"
          ]
        }
      ]
    },
    {
      "mode": "managed",
      "type": "google_compute_subnetwork",
      "name": "proxy_only_subnet",
      "provider": "provider[\"registry.terraform.io/hashicorp/google-beta\"]",
      "instances": [
        {
          "schema_version": 0,
          "attributes": {
            "allow_subnet_cidr_routes_overlap": false,
            "creation_timestamp": "2023-11-11T20:08:34.010-08:00",
            "description": "",
            "external_ipv6_prefix": "",
            "fingerprint": null,
            "gateway_address": "192.168.254.1",
            "id": "projects/core-trees-404818/regions/us-central1/subnetworks/pw-k8s-proxy-only-subnet",
            "internal_ipv6_prefix": "",
            "ip_cidr_range": "192.168.254.0/23",
            "ipv6_access_type": "",
            "ipv6_cidr_range": "",
            "log_config": [],
            "name": "pw-k8s-proxy-only-subnet",
            "network": "https://www.googleapis.com/compute/v1/projects/core-trees-404818/global/networks/pw-k8s-k8s-vpc",
            "private_ip_google_access": false,
            "private_ipv6_google_access": "DISABLE_GOOGLE_ACCESS",
            "project": "core-trees-404818",
            "purpose": "REGIONAL_MANAGED_PROXY",
            "region": "us-central1",
            "role": "ACTIVE",
            "secondary_ip_range": [],
            "self_link": "https://www.googleapis.com/compute/v1/projects/core-trees-404818/regions/us-central1/subnetworks/pw-k8s-proxy-only-subnet",
            "stack_type": "",
            "timeouts": null
          },
          "sensitive_attributes": [],
          "private": "eyJlMmJmYjczMC1lY2FhLTExZTYtOGY4OC0zNDM2M2JjN2M0YzAiOnsiY3JlYXRlIjoxMjAwMDAwMDAwMDAwLCJkZWxldGUiOjEyMDAwMDAwMDAwMDAsInVwZGF0ZSI6MTIwMDAwMDAwMDAwMH19",
          "dependencies": [
            "google_compute_network.k8s_vpc"
          ]
        }
      ]
    },
    {
      "mode": "managed",
      "type": "google_compute_subnetwork",
      "name": "psc_subnet",
      "provider": "provider[\"registry.terraform.io/hashicorp/google-beta\"]",
      "instances": [
        {
          "schema_version": 0,
          "attributes": {
            "allow_subnet_cidr_routes_overlap": false,
            "creation_timestamp": "2023-11-11T20:08:33.915-08:00",
            "description": "",
            "external_ipv6_prefix": "",
            "fingerprint": null,
            "gateway_address": "192.168.253.1",
            "id": "projects/core-trees-404818/regions/us-central1/subnetworks/pw-k8s-psc-subnet",
            "internal_ipv6_prefix": "",
            "ip_cidr_range": "192.168.253.0/26",
            "ipv6_access_type": "",
            "ipv6_cidr_range": "",
            "log_config": [],
            "name": "pw-k8s-psc-subnet",
            "network": "https://www.googleapis.com/compute/v1/projects/core-trees-404818/global/networks/pw-k8s-k8s-vpc",
            "private_ip_google_access": true,
            "private_ipv6_google_access": "DISABLE_GOOGLE_ACCESS",
            "project": "core-trees-404818",
            "purpose": "PRIVATE_SERVICE_CONNECT",
            "region": "us-central1",
            "role": "",
            "secondary_ip_range": [],
            "self_link": "https://www.googleapis.com/compute/v1/projects/core-trees-404818/regions/us-central1/subnetworks/pw-k8s-psc-subnet",
            "stack_type": "",
            "timeouts": null
          },
          "sensitive_attributes": [],
          "private": "eyJlMmJmYjczMC1lY2FhLTExZTYtOGY4OC0zNDM2M2JjN2M0YzAiOnsiY3JlYXRlIjoxMjAwMDAwMDAwMDAwLCJkZWxldGUiOjEyMDAwMDAwMDAwMDAsInVwZGF0ZSI6MTIwMDAwMDAwMDAwMH19",
          "dependencies": [
            "google_compute_network.k8s_vpc"
          ]
        }
      ]
    },
    {
      "mode": "managed",
      "type": "google_container_cluster",
      "name": "primary",
      "provider": "provider[\"registry.terraform.io/hashicorp/google-beta\"]",
      "instances": [
        {
          "schema_version": 2,
          "attributes": {
            "addons_config": [
              {
                "cloudrun_config": [],
                "config_connector_config": [
                  {
                    "enabled": false
                  }
                ],
                "dns_cache_config": [],
                "gce_persistent_disk_csi_driver_config": [
                  {
                    "enabled": true
                  }
                ],
                "gcp_filestore_csi_driver_config": [
                  {
                    "enabled": false
                  }
                ],
                "gcs_fuse_csi_driver_config": [],
                "gke_backup_agent_config": [],
                "horizontal_pod_autoscaling": [
                  {
                    "disabled": false
                  }
                ],
                "http_load_balancing": [
                  {
                    "disabled": false
                  }
                ],
                "istio_config": [],
                "kalm_config": [],
                "network_policy_config": [
                  {
                    "disabled": true
                  }
                ]
              }
            ],
            "allow_net_admin": null,
            "authenticator_groups_config": [],
            "binary_authorization": [
              {
                "enabled": false,
                "evaluation_mode": "DISABLED"
              }
            ],
            "cluster_autoscaling": [
              {
                "auto_provisioning_defaults": [
                  {
                    "boot_disk_kms_key": "",
                    "disk_size": 0,
                    "disk_type": "",
                    "image_type": "COS_CONTAINERD",
                    "management": [
                      {
                        "auto_repair": false,
                        "auto_upgrade": false,
                        "upgrade_options": [
                          {
                            "auto_upgrade_start_time": "",
                            "description": ""
                          }
                        ]
                      }
                    ],
                    "min_cpu_platform": "",
                    "oauth_scopes": [
                      "https://www.googleapis.com/auth/devstorage.read_only",
                      "https://www.googleapis.com/auth/logging.write",
                      "https://www.googleapis.com/auth/monitoring",
                      "https://www.googleapis.com/auth/service.management.readonly",
                      "https://www.googleapis.com/auth/servicecontrol",
                      "https://www.googleapis.com/auth/trace.append"
                    ],
                    "service_account": "default",
                    "shielded_instance_config": [],
                    "upgrade_settings": [
                      {
                        "blue_green_settings": [],
                        "max_surge": 0,
                        "max_unavailable": 0,
                        "strategy": "SURGE"
                      }
                    ]
                  }
                ],
                "autoscaling_profile": "OPTIMIZE_UTILIZATION",
                "enabled": true,
                "resource_limits": [
                  {
                    "maximum": 300,
                    "minimum": 0,
                    "resource_type": "cpu"
                  },
                  {
                    "maximum": 2400,
                    "minimum": 0,
                    "resource_type": "memory"
                  }
                ]
              }
            ],
            "cluster_ipv4_cidr": "10.0.0.0/16",
            "cluster_telemetry": [
              {
                "type": "ENABLED"
              }
            ],
            "confidential_nodes": [
              {
                "enabled": false
              }
            ],
            "cost_management_config": [],
            "database_encryption": [
              {
                "key_name": "",
                "state": "DECRYPTED"
              }
            ],
            "datapath_provider": "",
            "default_max_pods_per_node": 8,
            "default_snat_status": [
              {
                "disabled": false
              }
            ],
            "deletion_protection": false,
            "description": "",
            "dns_config": [],
            "enable_autopilot": false,
            "enable_fqdn_network_policy": false,
            "enable_intranode_visibility": false,
            "enable_k8s_beta_apis": [],
            "enable_kubernetes_alpha": false,
            "enable_l4_ilb_subsetting": false,
            "enable_legacy_abac": false,
            "enable_multi_networking": false,
            "enable_shielded_nodes": true,
            "enable_tpu": false,
            "endpoint": "34.170.240.6",
            "gateway_api_config": [],
            "id": "projects/core-trees-404818/locations/us-central1-c/clusters/pw-k8s",
            "identity_service_config": [],
            "initial_node_count": 1,
            "ip_allocation_policy": [
              {
                "additional_pod_ranges_config": [],
                "cluster_ipv4_cidr_block": "10.0.0.0/16",
                "cluster_secondary_range_name": "gke-pw-k8s-pods-bebf5772",
                "pod_cidr_overprovision_config": [
                  {
                    "disabled": false
                  }
                ],
                "services_ipv4_cidr_block": "10.1.0.0/20",
                "services_secondary_range_name": "gke-pw-k8s-services-bebf5772",
                "stack_type": "IPV4"
              }
            ],
            "label_fingerprint": "a9dc16a7",
            "location": "us-central1-c",
            "logging_config": [
              {
                "enable_components": [
                  "SYSTEM_COMPONENTS",
                  "WORKLOADS"
                ]
              }
            ],
            "logging_service": "logging.googleapis.com/kubernetes",
            "maintenance_policy": [
              {
                "daily_maintenance_window": [
                  {
                    "duration": "PT4H0M0S",
                    "start_time": "03:00"
                  }
                ],
                "maintenance_exclusion": [],
                "recurring_window": []
              }
            ],
            "master_auth": [
              {
                "client_certificate": "",
                "client_certificate_config": [
                  {
                    "issue_client_certificate": false
                  }
                ],
                "client_key": "",
                "cluster_ca_certificate": "LS0tLS1CRUdJTiBDRVJUSUZJQ0FURS0tLS0tCk1JSUVMRENDQXBTZ0F3SUJBZ0lRT1AvSXZpTGxpaDBEQ3R2elpqVko5VEFOQmdrcWhraUc5dzBCQVFzRkFEQXYKTVMwd0t3WURWUVFERXlRNFpHUTVaalUxWVMwd04yVXlMVFF3WXpJdE9EazNZUzA0TjJOaU0yVTJOMkprTURrdwpJQmNOTWpNeE1URXlNRFExTURBeldoZ1BNakExTXpFeE1EUXdOVFV3TUROYU1DOHhMVEFyQmdOVkJBTVRKRGhrClpEbG1OVFZoTFRBM1pUSXROREJqTWkwNE9UZGhMVGczWTJJelpUWTNZbVF3T1RDQ0FhSXdEUVlKS29aSWh2Y04KQVFFQkJRQURnZ0dQQURDQ0FZb0NnZ0dCQUpJSU40eStGNThYUFJvaWVCU0tMcHdpaDJjd2JKSk5CS2txOGd5TQpHZnRkdTAxSXZqZ0tTV3FyRXJEbFJvNjJpVllwTFgxeXJDQ3BsbS9uQVlUSU0ySjJ4cjd5VXE2bkFRQ2E1V0JtCnlDdzZGYUZkL3lFdVpGbit5OFNmRVFVSldMQ1RvMWRPWWoyTm1LVDl6MTBiOVEyY1ljRHprUFFPY2F5Tm5IaGcKeFdsS0FaWHhuQjhZUUJmWnhTY1dQcmNkVGhsTW9qMDN6dTZhZXdGcmVCeXNPMFpBdXBBRVRIdTZ5UFFnTGR1WQppcUVkY1pScENic1l3MUlVRC80WUhmUUk0S2VOOG41YkpMMjU0UTZMOGNOWS93RUppWVROM0lKY1c2a1dlT3NVClNQSkJ4cUZpUW9jVmd3SmR5UmtHVGUyZ1BlTUxyY0hIUzUwbUg3cHBkSjdwZmxTM0dKVFNzREcyb3NNUFB4angKaTg2ZnI0alhWSjNVR0Q0UmdwN3B3QWNCUVBGTUcrbUJNbHFINm1ZampscktCT0hQRkZ3YWZ6YkpDUUlaR2c2eQo0Uk41SUN3Tld4Mk0rcXdhN00wZUR3WTdGaGp6MFBkSWJNWDQ2RHJRTkE1UCtRbUY4NC9HdWh6SnVZMDZpTWdRCmZWMWRpZlVlUFd6aS9BY2MydDZKZ0E2ckF3SURBUUFCbzBJd1FEQU9CZ05WSFE4QkFmOEVCQU1DQWdRd0R3WUQKVlIwVEFRSC9CQVV3QXdFQi96QWRCZ05WSFE0RUZnUVVuenJtRHRnRW5DVC8yd0hSeWtiWVZFK1BLZXN3RFFZSgpLb1pJaHZjTkFRRUxCUUFEZ2dHQkFCdTdDYXlramVwTzJ3VVNmZ3dtcUkzQWxyRUJvR2lxbU43ZVZpY3hFNWJEClNBOUJibVVBTER1WGliQndkT3RIV3VVZ3dwcHN0NER1TlE4dXVjY0toMkdPODBENG1kdXlOVTBtTjhjQmsyOUcKMHR4c05FMStBem51Q3FPbTJvREd5TEhsTzdyY05uV3QzMjdYc1ZlRitkUDVRSWkvQ0dWNGkvRlBCSDJrbXlIQwpud1NhYkU2ZUtSb3NKWmdCdmpMV3hJMklZYStkc3FzWmwxclUwZC9QVjhzK1Z0VTFrR3hyaERIWWpCOURGK0tsCkFnQlEvNFV3V0ZNdW14S0pLSHFlbDd3VllNT2tNSnRIbVBtSXl6VUFyTTE5ZENGcUhBZkd2T09wMFFzVHQ4eEYKYytSK0xMR3hHTXNGN3FsdmNobkNITUllVmhlSm9LZzh2Nm1aRUpoVXFrS0dsRG5ydEdzbWExbk5tbDI5NDZnQgpZSUZTc25EU3BjYjJONllOaUxocmhkd0puMnJMRGwrTkwwVmo1SHh1ZHI5dmFETktad2x3c0xHQUQ5YThyaHluCm5iUGFLS0Y0TVhvTnQ3ankwYmErMUxlRDJPQzJPK2R5YTlCV1pFUmN4djR1V3dGWlNRYU00QjRTd1F3dUlKZHUKYUYrUVVuVWJaajNoeUwrYmgrSk9DQT09Ci0tLS0tRU5EIENFUlRJRklDQVRFLS0tLS0K"
              }
            ],
            "master_authorized_networks_config": [
              {
                "cidr_blocks": [
                  {
                    "cidr_block": "0.0.0.0/0",
                    "display_name": "allowed-cidr"
                  }
                ],
                "gcp_public_cidrs_access_enabled": true
              }
            ],
            "master_version": "1.27.3-gke.100",
            "mesh_certificates": [],
            "min_master_version": null,
            "monitoring_config": [
              {
                "advanced_datapath_observability_config": [
                  {
                    "enable_metrics": false,
                    "relay_mode": ""
                  }
                ],
                "enable_components": [
                  "SYSTEM_COMPONENTS"
                ],
                "managed_prometheus": [
                  {
                    "enabled": false
                  }
                ]
              }
            ],
            "monitoring_service": "monitoring.googleapis.com/kubernetes",
            "name": "pw-k8s",
            "network": "projects/core-trees-404818/global/networks/pw-k8s-k8s-vpc",
            "network_policy": [
              {
                "enabled": false,
                "provider": "PROVIDER_UNSPECIFIED"
              }
            ],
            "networking_mode": "VPC_NATIVE",
            "node_config": [
              {
                "advanced_machine_features": [],
                "boot_disk_kms_key": "",
                "confidential_nodes": [],
                "disk_size_gb": 10,
                "disk_type": "pd-balanced",
                "effective_taints": [],
                "enable_confidential_storage": false,
                "ephemeral_storage_config": [],
                "ephemeral_storage_local_ssd_config": [],
                "fast_socket": [],
                "gcfs_config": [],
                "guest_accelerator": [],
                "gvnic": [],
                "host_maintenance_policy": [],
                "image_type": "COS_CONTAINERD",
                "kubelet_config": [],
                "labels": {
                  "mesh_id": "proj-core-trees-404818"
                },
                "linux_node_config": [],
                "local_nvme_ssd_block_config": [],
                "local_ssd_count": 0,
                "logging_variant": "DEFAULT",
                "machine_type": "e2-medium",
                "metadata": {
                  "disable-legacy-endpoints": "true"
                },
                "min_cpu_platform": "",
                "node_group": "",
                "oauth_scopes": [
                  "https://www.googleapis.com/auth/devstorage.read_only",
                  "https://www.googleapis.com/auth/logging.write",
                  "https://www.googleapis.com/auth/monitoring",
                  "https://www.googleapis.com/auth/service.management.readonly",
                  "https://www.googleapis.com/auth/servicecontrol",
                  "https://www.googleapis.com/auth/trace.append"
                ],
                "preemptible": true,
                "reservation_affinity": [],
                "resource_labels": {},
                "sandbox_config": [],
                "service_account": "pw-k8s-gke-sa@core-trees-404818.iam.gserviceaccount.com",
                "shielded_instance_config": [
                  {
                    "enable_integrity_monitoring": true,
                    "enable_secure_boot": false
                  }
                ],
                "sole_tenant_config": [],
                "spot": false,
                "tags": [],
                "taint": [],
                "workload_metadata_config": [
                  {
                    "mode": "GKE_METADATA"
                  }
                ]
              }
            ],
            "node_locations": [],
            "node_pool": [
              {
                "autoscaling": [
                  {
                    "location_policy": "ANY",
                    "max_node_count": 300,
                    "min_node_count": 1,
                    "total_max_node_count": 0,
                    "total_min_node_count": 0
                  }
                ],
                "initial_node_count": 1,
                "instance_group_urls": [
                  "https://www.googleapis.com/compute/v1/projects/core-trees-404818/zones/us-central1-c/instanceGroupManagers/gke-pw-k8s-preempt-pool-54fe3d54-grp"
                ],
                "managed_instance_group_urls": [
                  "https://www.googleapis.com/compute/beta/projects/core-trees-404818/zones/us-central1-c/instanceGroups/gke-pw-k8s-preempt-pool-54fe3d54-grp"
                ],
                "management": [
                  {
                    "auto_repair": true,
                    "auto_upgrade": true
                  }
                ],
                "max_pods_per_node": 8,
                "name": "preempt-pool",
                "name_prefix": "",
                "network_config": [
                  {
                    "additional_node_network_configs": [],
                    "additional_pod_network_configs": [],
                    "create_pod_range": false,
                    "enable_private_nodes": false,
                    "pod_cidr_overprovision_config": [],
                    "pod_ipv4_cidr_block": "10.0.0.0/16",
                    "pod_range": "gke-pw-k8s-pods-bebf5772"
                  }
                ],
                "node_config": [
                  {
                    "advanced_machine_features": [],
                    "boot_disk_kms_key": "",
                    "confidential_nodes": [],
                    "disk_size_gb": 10,
                    "disk_type": "pd-balanced",
                    "effective_taints": [],
                    "enable_confidential_storage": false,
                    "ephemeral_storage_config": [],
                    "ephemeral_storage_local_ssd_config": [],
                    "fast_socket": [],
                    "gcfs_config": [],
                    "guest_accelerator": [],
                    "gvnic": [],
                    "host_maintenance_policy": [],
                    "image_type": "COS_CONTAINERD",
                    "kubelet_config": [],
                    "labels": {
                      "mesh_id": "proj-core-trees-404818"
                    },
                    "linux_node_config": [],
                    "local_nvme_ssd_block_config": [],
                    "local_ssd_count": 0,
                    "logging_variant": "DEFAULT",
                    "machine_type": "e2-medium",
                    "metadata": {
                      "disable-legacy-endpoints": "true"
                    },
                    "min_cpu_platform": "",
                    "node_group": "",
                    "oauth_scopes": [
                      "https://www.googleapis.com/auth/devstorage.read_only",
                      "https://www.googleapis.com/auth/logging.write",
                      "https://www.googleapis.com/auth/monitoring",
                      "https://www.googleapis.com/auth/service.management.readonly",
                      "https://www.googleapis.com/auth/servicecontrol",
                      "https://www.googleapis.com/auth/trace.append"
                    ],
                    "preemptible": true,
                    "reservation_affinity": [],
                    "resource_labels": {},
                    "sandbox_config": [],
                    "service_account": "pw-k8s-gke-sa@core-trees-404818.iam.gserviceaccount.com",
                    "shielded_instance_config": [
                      {
                        "enable_integrity_monitoring": true,
                        "enable_secure_boot": false
                      }
                    ],
                    "sole_tenant_config": [],
                    "spot": false,
                    "tags": [],
                    "taint": [],
                    "workload_metadata_config": [
                      {
                        "mode": "GKE_METADATA"
                      }
                    ]
                  }
                ],
                "node_count": 6,
                "node_locations": [
                  "us-central1-c"
                ],
                "placement_policy": [],
                "upgrade_settings": [
                  {
                    "blue_green_settings": [],
                    "max_surge": 1,
                    "max_unavailable": 0,
                    "strategy": "SURGE"
                  }
                ],
                "version": "1.27.3-gke.100"
              },
              {
                "autoscaling": [
                  {
                    "location_policy": "BALANCED",
                    "max_node_count": 1000,
                    "min_node_count": 0,
                    "total_max_node_count": 0,
                    "total_min_node_count": 0
                  }
                ],
                "initial_node_count": 0,
                "instance_group_urls": [
                  "https://www.googleapis.com/compute/v1/projects/core-trees-404818/zones/us-central1-c/instanceGroupManagers/gke-pw-k8s-nap-e2-standard-2-1qdqwi0w-909c33b2-grp"
                ],
                "managed_instance_group_urls": [
                  "https://www.googleapis.com/compute/beta/projects/core-trees-404818/zones/us-central1-c/instanceGroups/gke-pw-k8s-nap-e2-standard-2-1qdqwi0w-909c33b2-grp"
                ],
                "management": [
                  {
                    "auto_repair": false,
                    "auto_upgrade": false
                  }
                ],
                "max_pods_per_node": 8,
                "name": "nap-e2-standard-2-1qdqwi0w",
                "name_prefix": "",
                "network_config": [
                  {
                    "additional_node_network_configs": [],
                    "additional_pod_network_configs": [],
                    "create_pod_range": false,
                    "enable_private_nodes": false,
                    "pod_cidr_overprovision_config": [],
                    "pod_ipv4_cidr_block": "10.0.0.0/16",
                    "pod_range": "gke-pw-k8s-pods-bebf5772"
                  }
                ],
                "node_config": [
                  {
                    "advanced_machine_features": [],
                    "boot_disk_kms_key": "",
                    "confidential_nodes": [],
                    "disk_size_gb": 100,
                    "disk_type": "pd-balanced",
                    "effective_taints": [],
                    "enable_confidential_storage": false,
                    "ephemeral_storage_config": [],
                    "ephemeral_storage_local_ssd_config": [],
                    "fast_socket": [],
                    "gcfs_config": [],
                    "guest_accelerator": [],
                    "gvnic": [],
                    "host_maintenance_policy": [],
                    "image_type": "COS_CONTAINERD",
                    "kubelet_config": [],
                    "labels": {},
                    "linux_node_config": [],
                    "local_nvme_ssd_block_config": [],
                    "local_ssd_count": 0,
                    "logging_variant": "DEFAULT",
                    "machine_type": "e2-standard-2",
                    "metadata": {
                      "disable-legacy-endpoints": "true"
                    },
                    "min_cpu_platform": "",
                    "node_group": "",
                    "oauth_scopes": [
                      "https://www.googleapis.com/auth/devstorage.read_only",
                      "https://www.googleapis.com/auth/logging.write",
                      "https://www.googleapis.com/auth/monitoring",
                      "https://www.googleapis.com/auth/service.management.readonly",
                      "https://www.googleapis.com/auth/servicecontrol",
                      "https://www.googleapis.com/auth/trace.append"
                    ],
                    "preemptible": false,
                    "reservation_affinity": [],
                    "resource_labels": {},
                    "sandbox_config": [],
                    "service_account": "default",
                    "shielded_instance_config": [
                      {
                        "enable_integrity_monitoring": true,
                        "enable_secure_boot": false
                      }
                    ],
                    "sole_tenant_config": [],
                    "spot": false,
                    "tags": [],
                    "taint": [],
                    "workload_metadata_config": [
                      {
                        "mode": "GKE_METADATA"
                      }
                    ]
                  }
                ],
                "node_count": 2,
                "node_locations": [
                  "us-central1-c"
                ],
                "placement_policy": [
                  {
                    "policy_name": "",
                    "tpu_topology": "",
                    "type": ""
                  }
                ],
                "upgrade_settings": [
                  {
                    "blue_green_settings": [],
                    "max_surge": 1,
                    "max_unavailable": 0,
                    "strategy": "SURGE"
                  }
                ],
                "version": "1.27.3-gke.100"
              }
            ],
            "node_pool_auto_config": [],
            "node_pool_defaults": [
              {
                "node_config_defaults": [
                  {
                    "gcfs_config": [],
                    "logging_variant": "DEFAULT"
                  }
                ]
              }
            ],
            "node_version": "1.27.3-gke.100",
            "notification_config": [
              {
                "pubsub": [
                  {
                    "enabled": false,
                    "filter": [],
                    "topic": ""
                  }
                ]
              }
            ],
            "operation": null,
            "pod_security_policy_config": [
              {
                "enabled": false
              }
            ],
            "private_cluster_config": [
              {
                "enable_private_endpoint": false,
                "enable_private_nodes": false,
                "master_global_access_config": [
                  {
                    "enabled": false
                  }
                ],
                "master_ipv4_cidr_block": "",
                "peering_name": "",
                "private_endpoint": "192.168.0.10",
                "private_endpoint_subnetwork": "",
                "public_endpoint": "34.170.240.6"
              }
            ],
            "private_ipv6_google_access": "",
            "project": "core-trees-404818",
            "protect_config": [
              {
                "workload_config": [
                  {
                    "audit_mode": "BASIC"
                  }
                ],
                "workload_vulnerability_mode": "WORKLOAD_VULNERABILITY_MODE_UNSPECIFIED"
              }
            ],
            "release_channel": [
              {
                "channel": "UNSPECIFIED"
              }
            ],
            "remove_default_node_pool": true,
            "resource_labels": {},
            "resource_usage_export_config": [],
            "security_posture_config": [
              {
                "mode": "BASIC",
                "vulnerability_mode": "VULNERABILITY_MODE_UNSPECIFIED"
              }
            ],
            "self_link": "https://container.googleapis.com/v1beta1/projects/core-trees-404818/zones/us-central1-c/clusters/pw-k8s",
            "service_external_ips_config": [
              {
                "enabled": false
              }
            ],
            "services_ipv4_cidr": "10.1.0.0/20",
            "subnetwork": "projects/core-trees-404818/regions/us-central1/subnetworks/pw-k8s-subnet",
            "timeouts": null,
            "tpu_config": [],
            "tpu_ipv4_cidr_block": "",
            "vertical_pod_autoscaling": [],
            "workload_identity_config": [
              {
                "workload_pool": "core-trees-404818.svc.id.goog"
              }
            ]
          },
          "sensitive_attributes": [],
          "private": "eyJlMmJmYjczMC1lY2FhLTExZTYtOGY4OC0zNDM2M2JjN2M0YzAiOnsiY3JlYXRlIjoyNDAwMDAwMDAwMDAwLCJkZWxldGUiOjI0MDAwMDAwMDAwMDAsInJlYWQiOjI0MDAwMDAwMDAwMDAsInVwZGF0ZSI6MzYwMDAwMDAwMDAwMH0sInNjaGVtYV92ZXJzaW9uIjoiMiJ9",
          "dependencies": [
            "google_compute_network.k8s_vpc",
            "google_compute_subnetwork.k8s_subnet"
          ]
        }
      ]
    },
    {
      "mode": "managed",
      "type": "google_project_iam_member",
      "name": "gke_sa_iam_member",
      "provider": "provider[\"registry.terraform.io/hashicorp/google\"]",
      "instances": [
        {
          "index_key": 0,
          "schema_version": 0,
          "attributes": {
            "condition": [],
            "etag": "BwYJ7K0WU6M=",
            "id": "core-trees-404818/roles/container.nodeServiceAccount/serviceAccount:pw-k8s-gke-sa@core-trees-404818.iam.gserviceaccount.com",
            "member": "serviceAccount:pw-k8s-gke-sa@core-trees-404818.iam.gserviceaccount.com",
            "project": "core-trees-404818",
            "role": "roles/container.nodeServiceAccount"
          },
          "sensitive_attributes": [],
          "private": "bnVsbA==",
          "dependencies": [
            "google_service_account.gke_sa"
          ]
        }
      ]
    },
    {
      "mode": "managed",
      "type": "google_project_iam_member",
      "name": "wi_gsa_iam_member",
      "provider": "provider[\"registry.terraform.io/hashicorp/google\"]",
      "instances": [
        {
          "index_key": 0,
          "schema_version": 0,
          "attributes": {
            "condition": [],
            "etag": "BwYJ7K0WU6M=",
            "id": "core-trees-404818/roles/clouddebugger.agent/serviceAccount:simple-wi-gsa@core-trees-404818.iam.gserviceaccount.com",
            "member": "serviceAccount:simple-wi-gsa@core-trees-404818.iam.gserviceaccount.com",
            "project": "core-trees-404818",
            "role": "roles/clouddebugger.agent"
          },
          "sensitive_attributes": [],
          "private": "bnVsbA==",
          "dependencies": [
            "google_service_account.wi_gsa"
          ]
        },
        {
          "index_key": 1,
          "schema_version": 0,
          "attributes": {
            "condition": [],
            "etag": "BwYJ7K0WU6M=",
            "id": "core-trees-404818/roles/cloudprofiler.agent/serviceAccount:simple-wi-gsa@core-trees-404818.iam.gserviceaccount.com",
            "member": "serviceAccount:simple-wi-gsa@core-trees-404818.iam.gserviceaccount.com",
            "project": "core-trees-404818",
            "role": "roles/cloudprofiler.agent"
          },
          "sensitive_attributes": [],
          "private": "bnVsbA==",
          "dependencies": [
            "google_service_account.wi_gsa"
          ]
        },
        {
          "index_key": 2,
          "schema_version": 0,
          "attributes": {
            "condition": [],
            "etag": "BwYJ7K0WU6M=",
            "id": "core-trees-404818/roles/cloudtrace.agent/serviceAccount:simple-wi-gsa@core-trees-404818.iam.gserviceaccount.com",
            "member": "serviceAccount:simple-wi-gsa@core-trees-404818.iam.gserviceaccount.com",
            "project": "core-trees-404818",
            "role": "roles/cloudtrace.agent"
          },
          "sensitive_attributes": [],
          "private": "bnVsbA==",
          "dependencies": [
            "google_service_account.wi_gsa"
          ]
        },
        {
          "index_key": 3,
          "schema_version": 0,
          "attributes": {
            "condition": [],
            "etag": "BwYJ7K0WU6M=",
            "id": "core-trees-404818/roles/monitoring.metricWriter/serviceAccount:simple-wi-gsa@core-trees-404818.iam.gserviceaccount.com",
            "member": "serviceAccount:simple-wi-gsa@core-trees-404818.iam.gserviceaccount.com",
            "project": "core-trees-404818",
            "role": "roles/monitoring.metricWriter"
          },
          "sensitive_attributes": [],
          "private": "bnVsbA==",
          "dependencies": [
            "google_service_account.wi_gsa"
          ]
        }
      ]
    },
    {
      "mode": "managed",
      "type": "google_service_account",
      "name": "gke_sa",
      "provider": "provider[\"registry.terraform.io/hashicorp/google\"]",
      "instances": [
        {
          "schema_version": 0,
          "attributes": {
            "account_id": "pw-k8s-gke-sa",
            "description": "",
            "disabled": false,
            "display_name": "Custom GKE service account",
            "email": "pw-k8s-gke-sa@core-trees-404818.iam.gserviceaccount.com",
            "id": "projects/core-trees-404818/serviceAccounts/pw-k8s-gke-sa@core-trees-404818.iam.gserviceaccount.com",
            "member": "serviceAccount:pw-k8s-gke-sa@core-trees-404818.iam.gserviceaccount.com",
            "name": "projects/core-trees-404818/serviceAccounts/pw-k8s-gke-sa@core-trees-404818.iam.gserviceaccount.com",
            "project": "core-trees-404818",
            "timeouts": null,
            "unique_id": "108003439302632273171"
          },
          "sensitive_attributes": [],
          "private": "eyJlMmJmYjczMC1lY2FhLTExZTYtOGY4OC0zNDM2M2JjN2M0YzAiOnsiY3JlYXRlIjozMDAwMDAwMDAwMDB9fQ=="
        }
      ]
    },
    {
      "mode": "managed",
      "type": "google_service_account",
      "name": "wi_gsa",
      "provider": "provider[\"registry.terraform.io/hashicorp/google\"]",
      "instances": [
        {
          "schema_version": 0,
          "attributes": {
            "account_id": "simple-wi-gsa",
            "description": "",
            "disabled": false,
            "display_name": "Workload Identity Google service account",
            "email": "simple-wi-gsa@core-trees-404818.iam.gserviceaccount.com",
            "id": "projects/core-trees-404818/serviceAccounts/simple-wi-gsa@core-trees-404818.iam.gserviceaccount.com",
            "member": "serviceAccount:simple-wi-gsa@core-trees-404818.iam.gserviceaccount.com",
            "name": "projects/core-trees-404818/serviceAccounts/simple-wi-gsa@core-trees-404818.iam.gserviceaccount.com",
            "project": "core-trees-404818",
            "timeouts": null,
            "unique_id": "117786730387054300938"
          },
          "sensitive_attributes": [],
          "private": "eyJlMmJmYjczMC1lY2FhLTExZTYtOGY4OC0zNDM2M2JjN2M0YzAiOnsiY3JlYXRlIjozMDAwMDAwMDAwMDB9fQ=="
        }
      ]
    },
    {
      "mode": "managed",
      "type": "null_resource",
      "name": "hubble_relay_destroy",
      "provider": "provider[\"registry.terraform.io/hashicorp/null\"]",
      "instances": [
        {
          "schema_version": 0,
          "attributes": {
            "id": "5665668048709668809",
            "triggers": {
              "cluster_name": "pw-k8s",
              "location": "us-central1-c",
              "project_id": "core-trees-404818"
            }
          },
          "sensitive_attributes": [],
          "dependencies": [
            "google_compute_network.k8s_vpc",
            "google_compute_subnetwork.k8s_subnet",
            "google_container_cluster.primary",
            "google_container_node_pool.primary_preemptible_nodes",
            "google_service_account.gke_sa"
          ]
        }
      ]
    }
  ],
  "check_results": null
}
